Microsoft Visual Studio Solution File, Format Version 12.00
# Visual Studio 2012
Project("{FAE04EC0-301F-11D3-BF4B-00C04F79EFBC}") = "OGP.ClientWpf", "OGP.ClientWpf\OGP.ClientWpf.csproj", "{9DCA1678-8B1C-49AD-B279-0010C0A5F9F9}"
	ProjectSection(ProjectDependencies) = postProject
		{6DB457F0-C6B4-4268-8304-4F5B586E50FF} = {6DB457F0-C6B4-4268-8304-4F5B586E50FF}
	EndProjectSection
EndProject
Project("{FAE04EC0-301F-11D3-BF4B-00C04F79EFBC}") = "Utils.Wcf", "Utils.Wcf\Utils.Wcf.csproj", "{A1C4CF3D-AF46-4BFC-8EDB-62BBB8B4EB74}"
	ProjectSection(ProjectDependencies) = postProject
		{6DB457F0-C6B4-4268-8304-4F5B586E50FF} = {6DB457F0-C6B4-4268-8304-4F5B586E50FF}
	EndProjectSection
EndProject
Project("{2150E333-8FDC-42A3-9474-1A3956D46DE8}") = "Utils", "Utils", "{D68D1F77-0149-4189-B977-92E26809B054}"
EndProject
Project("{2150E333-8FDC-42A3-9474-1A3956D46DE8}") = "Client", "Client", "{7A2EE3B3-0BE7-4716-87E1-7396AEB872E9}"
EndProject
Project("{2150E333-8FDC-42A3-9474-1A3956D46DE8}") = "Plugins", "Plugins", "{B198567C-D2AB-4386-9CA6-43116A563414}"
EndProject
Project("{FAE04EC0-301F-11D3-BF4B-00C04F79EFBC}") = "Utils.UiDispatcher", "Utils.UiDispatcher\Utils.UiDispatcher.csproj", "{B0AF0C4F-9D2A-4A9A-A35D-4EAA1AF22E54}"
	ProjectSection(ProjectDependencies) = postProject
		{6DB457F0-C6B4-4268-8304-4F5B586E50FF} = {6DB457F0-C6B4-4268-8304-4F5B586E50FF}
	EndProjectSection
EndProject
Project("{FAE04EC0-301F-11D3-BF4B-00C04F79EFBC}") = "OGP.Plugin", "OGP.Plugin\OGP.Plugin.csproj", "{DF6C92EF-262C-4AE3-A3F3-C0B91DC0653D}"
EndProject
Project("{FAE04EC0-301F-11D3-BF4B-00C04F79EFBC}") = "Utils.Log", "Utils.Log\Utils.Log.csproj", "{CA0B7A0F-B64C-4CA2-A23B-4A6BA53C35C7}"
EndProject
Project("{FAE04EC0-301F-11D3-BF4B-00C04F79EFBC}") = "Utils.Config", "Utils.Config\Utils.Config.csproj", "{E957F2F3-F256-4795-B56C-654F286301F8}"
EndProject
Project("{FAE04EC0-301F-11D3-BF4B-00C04F79EFBC}") = "Utils", "Utils\Utils.csproj", "{088EB230-247D-4398-B379-12AE29680E09}"
EndProject
Project("{FAE04EC0-301F-11D3-BF4B-00C04F79EFBC}") = "Utils.Mvvm", "Utils.Mvvm\Utils.Mvvm.csproj", "{45ADCAB7-F544-4409-960C-6985F7000CE3}"
	ProjectSection(ProjectDependencies) = postProject
		{6DB457F0-C6B4-4268-8304-4F5B586E50FF} = {6DB457F0-C6B4-4268-8304-4F5B586E50FF}
	EndProjectSection
EndProject
Project("{FAE04EC0-301F-11D3-BF4B-00C04F79EFBC}") = "Utils.IO", "Utils.IO\Utils.IO.csproj", "{4DDEE057-E7EE-49E2-9498-EDC08DEAFE91}"
EndProject
Project("{FAE04EC0-301F-11D3-BF4B-00C04F79EFBC}") = "PluginTest2", "PluginTest2\PluginTest2.csproj", "{D98020F8-071E-4253-8582-A5E02D57B0DE}"
EndProject
Project("{FAE04EC0-301F-11D3-BF4B-00C04F79EFBC}") = "PluginTest", "PluginTest\PluginTest.csproj", "{FE1AC5D4-D717-49E5-94FC-E0DA519BB665}"
EndProject
Project("{2150E333-8FDC-42A3-9474-1A3956D46DE8}") = "Todolist", "Todolist", "{416F3780-D529-4102-8275-11F1E6803023}"
EndProject
Project("{FAE04EC0-301F-11D3-BF4B-00C04F79EFBC}") = "Todolist.All", "Todolist.All\Todolist.All.csproj", "{BC46E8E9-DF0D-4CC7-BC14-10C62DDAA869}"
EndProject
Project("{FAE04EC0-301F-11D3-BF4B-00C04F79EFBC}") = "Todolist.Bll", "Todolist.Bll\Todolist.Bll.csproj", "{DB3E59BE-8440-4142-A64D-C4D1477F12CE}"
EndProject
Project("{FAE04EC0-301F-11D3-BF4B-00C04F79EFBC}") = "Todolist.Client", "Todolist.Client\Todolist.Client.csproj", "{CC03621A-3D9F-47EC-8102-9C035F538923}"
	ProjectSection(ProjectDependencies) = postProject
		{6DB457F0-C6B4-4268-8304-4F5B586E50FF} = {6DB457F0-C6B4-4268-8304-4F5B586E50FF}
	EndProjectSection
EndProject
Project("{FAE04EC0-301F-11D3-BF4B-00C04F79EFBC}") = "Todolist.Service", "Todolist.Service\Todolist.Service.csproj", "{2D7FFE82-2DBB-4BD7-9383-AA341A9D3750}"
EndProject
Project("{FAE04EC0-301F-11D3-BF4B-00C04F79EFBC}") = "Todolist.ValueObjects", "Todolist.ValueObjects\Todolist.ValueObjects.csproj", "{98DE7384-196E-4F0A-93AD-8F12CE4FC5E2}"
EndProject
Project("{2150E333-8FDC-42A3-9474-1A3956D46DE8}") = "Service", "Service", "{4837AB97-5A28-4CE8-995E-EEEBFD21FDC3}"
	ProjectSection(SolutionItems) = preProject
		Todolist.ValueObjects\VOTache.cs = Todolist.ValueObjects\VOTache.cs
	EndProjectSection
EndProject
Project("{FAE04EC0-301F-11D3-BF4B-00C04F79EFBC}") = "Cinch", "..\externe\Cinch\Cinch.csproj", "{6DB457F0-C6B4-4268-8304-4F5B586E50FF}"
EndProject
Project("{2150E333-8FDC-42A3-9474-1A3956D46DE8}") = "Commun", "Commun", "{8603E46C-D9A6-45E3-B3ED-4BEF3FD0685D}"
EndProject
Project("{2150E333-8FDC-42A3-9474-1A3956D46DE8}") = "Client", "Client", "{20F1049E-81C3-4A9A-8285-6ADB38329C0E}"
EndProject
Project("{FAE04EC0-301F-11D3-BF4B-00C04F79EFBC}") = "Todolist.Contract", "Todolist.Contract\Todolist.Contract.csproj", "{C7538474-3FA6-4FA4-A8C1-F8F9CDC08D52}"
EndProject
Project("{2150E333-8FDC-42A3-9474-1A3956D46DE8}") = "Tests", "Tests", "{C0120D0D-9846-47B3-8375-539E96C0C160}"
EndProject
Project("{2150E333-8FDC-42A3-9474-1A3956D46DE8}") = "Serveur OGP", "Serveur OGP", "{A04F17B7-87BE-4140-BE37-AC76B1D466FA}"
EndProject
Project("{FAE04EC0-301F-11D3-BF4B-00C04F79EFBC}") = "OGP.ServeurPlugins", "OGP.ServeurPlugins\OGP.ServeurPlugins.csproj", "{15B3E0D2-6217-493A-A690-158C497F5318}"
EndProject
Project("{2150E333-8FDC-42A3-9474-1A3956D46DE8}") = "Contrats", "Contrats", "{3A756D35-4689-4E2C-B95B-5087AF7EBAA8}"
EndProject
Project("{FAE04EC0-301F-11D3-BF4B-00C04F79EFBC}") = "OGP.ServeurPlugins.Contrats", "OGP.ServeurPlugins.Contrats\OGP.ServeurPlugins.Contrats.csproj", "{4ED931E4-4B9A-4F31-870C-47DC833F5FFE}"
EndProject
Project("{FAE04EC0-301F-11D3-BF4B-00C04F79EFBC}") = "OGP.ServeurPlugins.Modele", "OGP.ServeurPlugins.Modele\OGP.ServeurPlugins.Modele.csproj", "{816A7640-99E4-4C7F-B6B7-D85AFD2C853F}"
EndProject
Project("{2150E333-8FDC-42A3-9474-1A3956D46DE8}") = "PluginOGP", "PluginOGP", "{B887456A-E927-427B-BF31-56510B985C81}"
EndProject
Project("{2150E333-8FDC-42A3-9474-1A3956D46DE8}") = "Client", "Client", "{7D3A8257-7F60-4A3B-8390-9657E3D18D4A}"
EndProject
Project("{FAE04EC0-301F-11D3-BF4B-00C04F79EFBC}") = "PluginOGP.Client", "PluginOGP.Client\PluginOGP.Client.csproj", "{15787190-8AF3-443D-B7EC-24318E703459}"
EndProject
Project("{FAE04EC0-301F-11D3-BF4B-00C04F79EFBC}") = "TestServeurPlugins", "TestServeurPlugins\TestServeurPlugins.csproj", "{342AE817-7248-4BEE-B7BA-F5C158CBC06B}"
EndProject
Project("{FAE04EC0-301F-11D3-BF4B-00C04F79EFBC}") = "OGP.ServeurPlugins.DAL", "OGP.ServeurPlugins.DAL\OGP.ServeurPlugins.DAL.csproj", "{E8EB9737-15D0-477A-B9B0-2D68A449D7C5}"
EndProject
Project("{FAE04EC0-301F-11D3-BF4B-00C04F79EFBC}") = "Utils.AssemblyInfoResolver", "Utils.Assembly\Utils.AssemblyInfoResolver.csproj", "{4385341C-DD9D-442E-A460-D318FCE18A59}"
EndProject
Project("{FAE04EC0-301F-11D3-BF4B-00C04F79EFBC}") = "Test", "Test\Test.csproj", "{C1BDBC82-6901-4947-9112-044C41561F4C}"
EndProject
Global
	GlobalSection(SolutionConfigurationPlatforms) = preSolution
		Debug|Any CPU = Debug|Any CPU
		Debug|Mixed Platforms = Debug|Mixed Platforms
		Debug|x86 = Debug|x86
		Release|Any CPU = Release|Any CPU
		Release|Mixed Platforms = Release|Mixed Platforms
		Release|x86 = Release|x86
	EndGlobalSection
	GlobalSection(ProjectConfigurationPlatforms) = postSolution
		{9DCA1678-8B1C-49AD-B279-0010C0A5F9F9}.Debug|Any CPU.ActiveCfg = Debug|x86
		{9DCA1678-8B1C-49AD-B279-0010C0A5F9F9}.Debug|Any CPU.Build.0 = Debug|x86
		{9DCA1678-8B1C-49AD-B279-0010C0A5F9F9}.Debug|Mixed Platforms.ActiveCfg = Debug|x86
		{9DCA1678-8B1C-49AD-B279-0010C0A5F9F9}.Debug|Mixed Platforms.Build.0 = Debug|x86
		{9DCA1678-8B1C-49AD-B279-0010C0A5F9F9}.Debug|x86.ActiveCfg = Debug|x86
		{9DCA1678-8B1C-49AD-B279-0010C0A5F9F9}.Debug|x86.Build.0 = Debug|x86
		{9DCA1678-8B1C-49AD-B279-0010C0A5F9F9}.Release|Any CPU.ActiveCfg = Release|x86
		{9DCA1678-8B1C-49AD-B279-0010C0A5F9F9}.Release|Any CPU.Build.0 = Release|x86
		{9DCA1678-8B1C-49AD-B279-0010C0A5F9F9}.Release|Mixed Platforms.ActiveCfg = Release|x86
		{9DCA1678-8B1C-49AD-B279-0010C0A5F9F9}.Release|Mixed Platforms.Build.0 = Release|x86
		{9DCA1678-8B1C-49AD-B279-0010C0A5F9F9}.Release|x86.ActiveCfg = Release|x86
		{9DCA1678-8B1C-49AD-B279-0010C0A5F9F9}.Release|x86.Build.0 = Release|x86
		{A1C4CF3D-AF46-4BFC-8EDB-62BBB8B4EB74}.Debug|Any CPU.ActiveCfg = Debug|Any CPU
		{A1C4CF3D-AF46-4BFC-8EDB-62BBB8B4EB74}.Debug|Any CPU.Build.0 = Debug|Any CPU
		{A1C4CF3D-AF46-4BFC-8EDB-62BBB8B4EB74}.Debug|Mixed Platforms.ActiveCfg = Debug|Any CPU
		{A1C4CF3D-AF46-4BFC-8EDB-62BBB8B4EB74}.Debug|Mixed Platforms.Build.0 = Debug|Any CPU
		{A1C4CF3D-AF46-4BFC-8EDB-62BBB8B4EB74}.Debug|x86.ActiveCfg = Debug|Any CPU
		{A1C4CF3D-AF46-4BFC-8EDB-62BBB8B4EB74}.Debug|x86.Build.0 = Debug|Any CPU
		{A1C4CF3D-AF46-4BFC-8EDB-62BBB8B4EB74}.Release|Any CPU.ActiveCfg = Release|Any CPU
		{A1C4CF3D-AF46-4BFC-8EDB-62BBB8B4EB74}.Release|Any CPU.Build.0 = Release|Any CPU
		{A1C4CF3D-AF46-4BFC-8EDB-62BBB8B4EB74}.Release|Mixed Platforms.ActiveCfg = Release|Any CPU
		{A1C4CF3D-AF46-4BFC-8EDB-62BBB8B4EB74}.Release|Mixed Platforms.Build.0 = Release|Any CPU
		{A1C4CF3D-AF46-4BFC-8EDB-62BBB8B4EB74}.Release|x86.ActiveCfg = Release|Any CPU
		{A1C4CF3D-AF46-4BFC-8EDB-62BBB8B4EB74}.Release|x86.Build.0 = Release|Any CPU
		{B0AF0C4F-9D2A-4A9A-A35D-4EAA1AF22E54}.Debug|Any CPU.ActiveCfg = Debug|Any CPU
		{B0AF0C4F-9D2A-4A9A-A35D-4EAA1AF22E54}.Debug|Any CPU.Build.0 = Debug|Any CPU
		{B0AF0C4F-9D2A-4A9A-A35D-4EAA1AF22E54}.Debug|Mixed Platforms.ActiveCfg = Debug|Any CPU
		{B0AF0C4F-9D2A-4A9A-A35D-4EAA1AF22E54}.Debug|Mixed Platforms.Build.0 = Debug|Any CPU
		{B0AF0C4F-9D2A-4A9A-A35D-4EAA1AF22E54}.Debug|x86.ActiveCfg = Debug|Any CPU
		{B0AF0C4F-9D2A-4A9A-A35D-4EAA1AF22E54}.Release|Any CPU.ActiveCfg = Release|Any CPU
		{B0AF0C4F-9D2A-4A9A-A35D-4EAA1AF22E54}.Release|Any CPU.Build.0 = Release|Any CPU
		{B0AF0C4F-9D2A-4A9A-A35D-4EAA1AF22E54}.Release|Mixed Platforms.ActiveCfg = Release|Any CPU
		{B0AF0C4F-9D2A-4A9A-A35D-4EAA1AF22E54}.Release|Mixed Platforms.Build.0 = Release|Any CPU
		{B0AF0C4F-9D2A-4A9A-A35D-4EAA1AF22E54}.Release|x86.ActiveCfg = Release|Any CPU
		{DF6C92EF-262C-4AE3-A3F3-C0B91DC0653D}.Debug|Any CPU.ActiveCfg = Debug|Any CPU
		{DF6C92EF-262C-4AE3-A3F3-C0B91DC0653D}.Debug|Any CPU.Build.0 = Debug|Any CPU
		{DF6C92EF-262C-4AE3-A3F3-C0B91DC0653D}.Debug|Mixed Platforms.ActiveCfg = Debug|Any CPU
		{DF6C92EF-262C-4AE3-A3F3-C0B91DC0653D}.Debug|Mixed Platforms.Build.0 = Debug|Any CPU
		{DF6C92EF-262C-4AE3-A3F3-C0B91DC0653D}.Debug|x86.ActiveCfg = Debug|Any CPU
		{DF6C92EF-262C-4AE3-A3F3-C0B91DC0653D}.Release|Any CPU.ActiveCfg = Release|Any CPU
		{DF6C92EF-262C-4AE3-A3F3-C0B91DC0653D}.Release|Any CPU.Build.0 = Release|Any CPU
		{DF6C92EF-262C-4AE3-A3F3-C0B91DC0653D}.Release|Mixed Platforms.ActiveCfg = Release|Any CPU
		{DF6C92EF-262C-4AE3-A3F3-C0B91DC0653D}.Release|Mixed Platforms.Build.0 = Release|Any CPU
		{DF6C92EF-262C-4AE3-A3F3-C0B91DC0653D}.Release|x86.ActiveCfg = Release|Any CPU
		{CA0B7A0F-B64C-4CA2-A23B-4A6BA53C35C7}.Debug|Any CPU.ActiveCfg = Debug|Any CPU
		{CA0B7A0F-B64C-4CA2-A23B-4A6BA53C35C7}.Debug|Any CPU.Build.0 = Debug|Any CPU
		{CA0B7A0F-B64C-4CA2-A23B-4A6BA53C35C7}.Debug|Mixed Platforms.ActiveCfg = Debug|Any CPU
		{CA0B7A0F-B64C-4CA2-A23B-4A6BA53C35C7}.Debug|Mixed Platforms.Build.0 = Debug|Any CPU
		{CA0B7A0F-B64C-4CA2-A23B-4A6BA53C35C7}.Debug|x86.ActiveCfg = Debug|Any CPU
		{CA0B7A0F-B64C-4CA2-A23B-4A6BA53C35C7}.Release|Any CPU.ActiveCfg = Release|Any CPU
		{CA0B7A0F-B64C-4CA2-A23B-4A6BA53C35C7}.Release|Any CPU.Build.0 = Release|Any CPU
		{CA0B7A0F-B64C-4CA2-A23B-4A6BA53C35C7}.Release|Mixed Platforms.ActiveCfg = Release|Any CPU
		{CA0B7A0F-B64C-4CA2-A23B-4A6BA53C35C7}.Release|Mixed Platforms.Build.0 = Release|Any CPU
		{CA0B7A0F-B64C-4CA2-A23B-4A6BA53C35C7}.Release|x86.ActiveCfg = Release|Any CPU
		{E957F2F3-F256-4795-B56C-654F286301F8}.Debug|Any CPU.ActiveCfg = Debug|Any CPU
		{E957F2F3-F256-4795-B56C-654F286301F8}.Debug|Any CPU.Build.0 = Debug|Any CPU
		{E957F2F3-F256-4795-B56C-654F286301F8}.Debug|Mixed Platforms.ActiveCfg = Debug|Any CPU
		{E957F2F3-F256-4795-B56C-654F286301F8}.Debug|Mixed Platforms.Build.0 = Debug|Any CPU
		{E957F2F3-F256-4795-B56C-654F286301F8}.Debug|x86.ActiveCfg = Debug|Any CPU
		{E957F2F3-F256-4795-B56C-654F286301F8}.Release|Any CPU.ActiveCfg = Release|Any CPU
		{E957F2F3-F256-4795-B56C-654F286301F8}.Release|Any CPU.Build.0 = Release|Any CPU
		{E957F2F3-F256-4795-B56C-654F286301F8}.Release|Mixed Platforms.ActiveCfg = Release|Any CPU
		{E957F2F3-F256-4795-B56C-654F286301F8}.Release|Mixed Platforms.Build.0 = Release|Any CPU
		{E957F2F3-F256-4795-B56C-654F286301F8}.Release|x86.ActiveCfg = Release|Any CPU
		{088EB230-247D-4398-B379-12AE29680E09}.Debug|Any CPU.ActiveCfg = Debug|Any CPU
		{088EB230-247D-4398-B379-12AE29680E09}.Debug|Any CPU.Build.0 = Debug|Any CPU
		{088EB230-247D-4398-B379-12AE29680E09}.Debug|Mixed Platforms.ActiveCfg = Debug|Any CPU
		{088EB230-247D-4398-B379-12AE29680E09}.Debug|Mixed Platforms.Build.0 = Debug|Any CPU
		{088EB230-247D-4398-B379-12AE29680E09}.Debug|x86.ActiveCfg = Debug|Any CPU
		{088EB230-247D-4398-B379-12AE29680E09}.Release|Any CPU.ActiveCfg = Release|Any CPU
		{088EB230-247D-4398-B379-12AE29680E09}.Release|Any CPU.Build.0 = Release|Any CPU
		{088EB230-247D-4398-B379-12AE29680E09}.Release|Mixed Platforms.ActiveCfg = Release|Any CPU
		{088EB230-247D-4398-B379-12AE29680E09}.Release|Mixed Platforms.Build.0 = Release|Any CPU
		{088EB230-247D-4398-B379-12AE29680E09}.Release|x86.ActiveCfg = Release|Any CPU
		{45ADCAB7-F544-4409-960C-6985F7000CE3}.Debug|Any CPU.ActiveCfg = Debug|Any CPU
		{45ADCAB7-F544-4409-960C-6985F7000CE3}.Debug|Any CPU.Build.0 = Debug|Any CPU
		{45ADCAB7-F544-4409-960C-6985F7000CE3}.Debug|Mixed Platforms.ActiveCfg = Debug|Any CPU
		{45ADCAB7-F544-4409-960C-6985F7000CE3}.Debug|Mixed Platforms.Build.0 = Debug|Any CPU
		{45ADCAB7-F544-4409-960C-6985F7000CE3}.Debug|x86.ActiveCfg = Debug|Any CPU
		{45ADCAB7-F544-4409-960C-6985F7000CE3}.Release|Any CPU.ActiveCfg = Release|Any CPU
		{45ADCAB7-F544-4409-960C-6985F7000CE3}.Release|Any CPU.Build.0 = Release|Any CPU
		{45ADCAB7-F544-4409-960C-6985F7000CE3}.Release|Mixed Platforms.ActiveCfg = Release|Any CPU
		{45ADCAB7-F544-4409-960C-6985F7000CE3}.Release|Mixed Platforms.Build.0 = Release|Any CPU
		{45ADCAB7-F544-4409-960C-6985F7000CE3}.Release|x86.ActiveCfg = Release|Any CPU
		{4DDEE057-E7EE-49E2-9498-EDC08DEAFE91}.Debug|Any CPU.ActiveCfg = Debug|Any CPU
		{4DDEE057-E7EE-49E2-9498-EDC08DEAFE91}.Debug|Any CPU.Build.0 = Debug|Any CPU
		{4DDEE057-E7EE-49E2-9498-EDC08DEAFE91}.Debug|Mixed Platforms.ActiveCfg = Debug|Any CPU
		{4DDEE057-E7EE-49E2-9498-EDC08DEAFE91}.Debug|Mixed Platforms.Build.0 = Debug|Any CPU
		{4DDEE057-E7EE-49E2-9498-EDC08DEAFE91}.Debug|x86.ActiveCfg = Debug|Any CPU
		{4DDEE057-E7EE-49E2-9498-EDC08DEAFE91}.Release|Any CPU.ActiveCfg = Release|Any CPU
		{4DDEE057-E7EE-49E2-9498-EDC08DEAFE91}.Release|Any CPU.Build.0 = Release|Any CPU
		{4DDEE057-E7EE-49E2-9498-EDC08DEAFE91}.Release|Mixed Platforms.ActiveCfg = Release|Any CPU
		{4DDEE057-E7EE-49E2-9498-EDC08DEAFE91}.Release|Mixed Platforms.Build.0 = Release|Any CPU
		{4DDEE057-E7EE-49E2-9498-EDC08DEAFE91}.Release|x86.ActiveCfg = Release|Any CPU
		{D98020F8-071E-4253-8582-A5E02D57B0DE}.Debug|Any CPU.ActiveCfg = Debug|Any CPU
		{D98020F8-071E-4253-8582-A5E02D57B0DE}.Debug|Any CPU.Build.0 = Debug|Any CPU
		{D98020F8-071E-4253-8582-A5E02D57B0DE}.Debug|Mixed Platforms.ActiveCfg = Debug|Any CPU
		{D98020F8-071E-4253-8582-A5E02D57B0DE}.Debug|Mixed Platforms.Build.0 = Debug|Any CPU
		{D98020F8-071E-4253-8582-A5E02D57B0DE}.Debug|x86.ActiveCfg = Debug|Any CPU
		{D98020F8-071E-4253-8582-A5E02D57B0DE}.Release|Any CPU.ActiveCfg = Release|Any CPU
		{D98020F8-071E-4253-8582-A5E02D57B0DE}.Release|Any CPU.Build.0 = Release|Any CPU
		{D98020F8-071E-4253-8582-A5E02D57B0DE}.Release|Mixed Platforms.ActiveCfg = Release|Any CPU
		{D98020F8-071E-4253-8582-A5E02D57B0DE}.Release|Mixed Platforms.Build.0 = Release|Any CPU
		{D98020F8-071E-4253-8582-A5E02D57B0DE}.Release|x86.ActiveCfg = Release|Any CPU
		{FE1AC5D4-D717-49E5-94FC-E0DA519BB665}.Debug|Any CPU.ActiveCfg = Debug|Any CPU
		{FE1AC5D4-D717-49E5-94FC-E0DA519BB665}.Debug|Any CPU.Build.0 = Debug|Any CPU
		{FE1AC5D4-D717-49E5-94FC-E0DA519BB665}.Debug|Mixed Platforms.ActiveCfg = Debug|Any CPU
		{FE1AC5D4-D717-49E5-94FC-E0DA519BB665}.Debug|Mixed Platforms.Build.0 = Debug|Any CPU
		{FE1AC5D4-D717-49E5-94FC-E0DA519BB665}.Debug|x86.ActiveCfg = Debug|Any CPU
		{FE1AC5D4-D717-49E5-94FC-E0DA519BB665}.Release|Any CPU.ActiveCfg = Release|Any CPU
		{FE1AC5D4-D717-49E5-94FC-E0DA519BB665}.Release|Any CPU.Build.0 = Release|Any CPU
		{FE1AC5D4-D717-49E5-94FC-E0DA519BB665}.Release|Mixed Platforms.ActiveCfg = Release|Any CPU
		{FE1AC5D4-D717-49E5-94FC-E0DA519BB665}.Release|Mixed Platforms.Build.0 = Release|Any CPU
		{FE1AC5D4-D717-49E5-94FC-E0DA519BB665}.Release|x86.ActiveCfg = Release|Any CPU
		{BC46E8E9-DF0D-4CC7-BC14-10C62DDAA869}.Debug|Any CPU.ActiveCfg = Debug|Any CPU
		{BC46E8E9-DF0D-4CC7-BC14-10C62DDAA869}.Debug|Any CPU.Build.0 = Debug|Any CPU
		{BC46E8E9-DF0D-4CC7-BC14-10C62DDAA869}.Debug|Mixed Platforms.ActiveCfg = Debug|Any CPU
		{BC46E8E9-DF0D-4CC7-BC14-10C62DDAA869}.Debug|Mixed Platforms.Build.0 = Debug|Any CPU
		{BC46E8E9-DF0D-4CC7-BC14-10C62DDAA869}.Debug|x86.ActiveCfg = Debug|Any CPU
		{BC46E8E9-DF0D-4CC7-BC14-10C62DDAA869}.Release|Any CPU.ActiveCfg = Release|Any CPU
		{BC46E8E9-DF0D-4CC7-BC14-10C62DDAA869}.Release|Any CPU.Build.0 = Release|Any CPU
		{BC46E8E9-DF0D-4CC7-BC14-10C62DDAA869}.Release|Mixed Platforms.ActiveCfg = Release|Any CPU
		{BC46E8E9-DF0D-4CC7-BC14-10C62DDAA869}.Release|Mixed Platforms.Build.0 = Release|Any CPU
		{BC46E8E9-DF0D-4CC7-BC14-10C62DDAA869}.Release|x86.ActiveCfg = Release|Any CPU
		{DB3E59BE-8440-4142-A64D-C4D1477F12CE}.Debug|Any CPU.ActiveCfg = Debug|Any CPU
		{DB3E59BE-8440-4142-A64D-C4D1477F12CE}.Debug|Any CPU.Build.0 = Debug|Any CPU
		{DB3E59BE-8440-4142-A64D-C4D1477F12CE}.Debug|Mixed Platforms.ActiveCfg = Debug|Any CPU
		{DB3E59BE-8440-4142-A64D-C4D1477F12CE}.Debug|Mixed Platforms.Build.0 = Debug|Any CPU
		{DB3E59BE-8440-4142-A64D-C4D1477F12CE}.Debug|x86.ActiveCfg = Debug|Any CPU
		{DB3E59BE-8440-4142-A64D-C4D1477F12CE}.Release|Any CPU.ActiveCfg = Release|Any CPU
		{DB3E59BE-8440-4142-A64D-C4D1477F12CE}.Release|Any CPU.Build.0 = Release|Any CPU
		{DB3E59BE-8440-4142-A64D-C4D1477F12CE}.Release|Mixed Platforms.ActiveCfg = Release|Any CPU
		{DB3E59BE-8440-4142-A64D-C4D1477F12CE}.Release|Mixed Platforms.Build.0 = Release|Any CPU
		{DB3E59BE-8440-4142-A64D-C4D1477F12CE}.Release|x86.ActiveCfg = Release|Any CPU
		{CC03621A-3D9F-47EC-8102-9C035F538923}.Debug|Any CPU.ActiveCfg = Debug|Any CPU
		{CC03621A-3D9F-47EC-8102-9C035F538923}.Debug|Any CPU.Build.0 = Debug|Any CPU
		{CC03621A-3D9F-47EC-8102-9C035F538923}.Debug|Mixed Platforms.ActiveCfg = Debug|Any CPU
		{CC03621A-3D9F-47EC-8102-9C035F538923}.Debug|Mixed Platforms.Build.0 = Debug|Any CPU
		{CC03621A-3D9F-47EC-8102-9C035F538923}.Debug|x86.ActiveCfg = Debug|Any CPU
		{CC03621A-3D9F-47EC-8102-9C035F538923}.Release|Any CPU.ActiveCfg = Release|Any CPU
		{CC03621A-3D9F-47EC-8102-9C035F538923}.Release|Any CPU.Build.0 = Release|Any CPU
		{CC03621A-3D9F-47EC-8102-9C035F538923}.Release|Mixed Platforms.ActiveCfg = Release|Any CPU
		{CC03621A-3D9F-47EC-8102-9C035F538923}.Release|Mixed Platforms.Build.0 = Release|Any CPU
		{CC03621A-3D9F-47EC-8102-9C035F538923}.Release|x86.ActiveCfg = Release|Any CPU
		{2D7FFE82-2DBB-4BD7-9383-AA341A9D3750}.Debug|Any CPU.ActiveCfg = Debug|Any CPU
		{2D7FFE82-2DBB-4BD7-9383-AA341A9D3750}.Debug|Any CPU.Build.0 = Debug|Any CPU
		{2D7FFE82-2DBB-4BD7-9383-AA341A9D3750}.Debug|Mixed Platforms.ActiveCfg = Debug|Any CPU
		{2D7FFE82-2DBB-4BD7-9383-AA341A9D3750}.Debug|Mixed Platforms.Build.0 = Debug|Any CPU
		{2D7FFE82-2DBB-4BD7-9383-AA341A9D3750}.Debug|x86.ActiveCfg = Debug|Any CPU
		{2D7FFE82-2DBB-4BD7-9383-AA341A9D3750}.Release|Any CPU.ActiveCfg = Release|Any CPU
		{2D7FFE82-2DBB-4BD7-9383-AA341A9D3750}.Release|Any CPU.Build.0 = Release|Any CPU
		{2D7FFE82-2DBB-4BD7-9383-AA341A9D3750}.Release|Mixed Platforms.ActiveCfg = Release|Any CPU
		{2D7FFE82-2DBB-4BD7-9383-AA341A9D3750}.Release|Mixed Platforms.Build.0 = Release|Any CPU
		{2D7FFE82-2DBB-4BD7-9383-AA341A9D3750}.Release|x86.ActiveCfg = Release|Any CPU
		{98DE7384-196E-4F0A-93AD-8F12CE4FC5E2}.Debug|Any CPU.ActiveCfg = Debug|Any CPU
		{98DE7384-196E-4F0A-93AD-8F12CE4FC5E2}.Debug|Any CPU.Build.0 = Debug|Any CPU
		{98DE7384-196E-4F0A-93AD-8F12CE4FC5E2}.Debug|Mixed Platforms.ActiveCfg = Debug|Any CPU
		{98DE7384-196E-4F0A-93AD-8F12CE4FC5E2}.Debug|Mixed Platforms.Build.0 = Debug|Any CPU
		{98DE7384-196E-4F0A-93AD-8F12CE4FC5E2}.Debug|x86.ActiveCfg = Debug|Any CPU
		{98DE7384-196E-4F0A-93AD-8F12CE4FC5E2}.Release|Any CPU.ActiveCfg = Release|Any CPU
		{98DE7384-196E-4F0A-93AD-8F12CE4FC5E2}.Release|Any CPU.Build.0 = Release|Any CPU
		{98DE7384-196E-4F0A-93AD-8F12CE4FC5E2}.Release|Mixed Platforms.ActiveCfg = Release|Any CPU
		{98DE7384-196E-4F0A-93AD-8F12CE4FC5E2}.Release|Mixed Platforms.Build.0 = Release|Any CPU
		{98DE7384-196E-4F0A-93AD-8F12CE4FC5E2}.Release|x86.ActiveCfg = Release|Any CPU
		{6DB457F0-C6B4-4268-8304-4F5B586E50FF}.Debug|Any CPU.ActiveCfg = Debug|Any CPU
		{6DB457F0-C6B4-4268-8304-4F5B586E50FF}.Debug|Any CPU.Build.0 = Debug|Any CPU
		{6DB457F0-C6B4-4268-8304-4F5B586E50FF}.Debug|Mixed Platforms.ActiveCfg = Debug|Any CPU
		{6DB457F0-C6B4-4268-8304-4F5B586E50FF}.Debug|Mixed Platforms.Build.0 = Debug|Any CPU
		{6DB457F0-C6B4-4268-8304-4F5B586E50FF}.Debug|x86.ActiveCfg = Debug|Any CPU
		{6DB457F0-C6B4-4268-8304-4F5B586E50FF}.Release|Any CPU.ActiveCfg = Release|Any CPU
		{6DB457F0-C6B4-4268-8304-4F5B586E50FF}.Release|Any CPU.Build.0 = Release|Any CPU
		{6DB457F0-C6B4-4268-8304-4F5B586E50FF}.Release|Mixed Platforms.ActiveCfg = Release|Any CPU
		{6DB457F0-C6B4-4268-8304-4F5B586E50FF}.Release|Mixed Platforms.Build.0 = Release|Any CPU
		{6DB457F0-C6B4-4268-8304-4F5B586E50FF}.Release|x86.ActiveCfg = Release|Any CPU
		{C7538474-3FA6-4FA4-A8C1-F8F9CDC08D52}.Debug|Any CPU.ActiveCfg = Debug|Any CPU
		{C7538474-3FA6-4FA4-A8C1-F8F9CDC08D52}.Debug|Any CPU.Build.0 = Debug|Any CPU
		{C7538474-3FA6-4FA4-A8C1-F8F9CDC08D52}.Debug|Mixed Platforms.ActiveCfg = Debug|Any CPU
		{C7538474-3FA6-4FA4-A8C1-F8F9CDC08D52}.Debug|Mixed Platforms.Build.0 = Debug|Any CPU
		{C7538474-3FA6-4FA4-A8C1-F8F9CDC08D52}.Debug|x86.ActiveCfg = Debug|Any CPU
		{C7538474-3FA6-4FA4-A8C1-F8F9CDC08D52}.Release|Any CPU.ActiveCfg = Release|Any CPU
		{C7538474-3FA6-4FA4-A8C1-F8F9CDC08D52}.Release|Any CPU.Build.0 = Release|Any CPU
		{C7538474-3FA6-4FA4-A8C1-F8F9CDC08D52}.Release|Mixed Platforms.ActiveCfg = Release|Any CPU
		{C7538474-3FA6-4FA4-A8C1-F8F9CDC08D52}.Release|Mixed Platforms.Build.0 = Release|Any CPU
		{C7538474-3FA6-4FA4-A8C1-F8F9CDC08D52}.Release|x86.ActiveCfg = Release|Any CPU
		{15B3E0D2-6217-493A-A690-158C497F5318}.Debug|Any CPU.ActiveCfg = Debug|Any CPU
		{15B3E0D2-6217-493A-A690-158C497F5318}.Debug|Any CPU.Build.0 = Debug|Any CPU
		{15B3E0D2-6217-493A-A690-158C497F5318}.Debug|Mixed Platforms.ActiveCfg = Debug|Any CPU
		{15B3E0D2-6217-493A-A690-158C497F5318}.Debug|Mixed Platforms.Build.0 = Debug|Any CPU
		{15B3E0D2-6217-493A-A690-158C497F5318}.Debug|x86.ActiveCfg = Debug|Any CPU
		{15B3E0D2-6217-493A-A690-158C497F5318}.Release|Any CPU.ActiveCfg = Release|Any CPU
		{15B3E0D2-6217-493A-A690-158C497F5318}.Release|Any CPU.Build.0 = Release|Any CPU
		{15B3E0D2-6217-493A-A690-158C497F5318}.Release|Mixed Platforms.ActiveCfg = Release|Any CPU
		{15B3E0D2-6217-493A-A690-158C497F5318}.Release|Mixed Platforms.Build.0 = Release|Any CPU
		{15B3E0D2-6217-493A-A690-158C497F5318}.Release|x86.ActiveCfg = Release|Any CPU
		{4ED931E4-4B9A-4F31-870C-47DC833F5FFE}.Debug|Any CPU.ActiveCfg = Debug|Any CPU
		{4ED931E4-4B9A-4F31-870C-47DC833F5FFE}.Debug|Any CPU.Build.0 = Debug|Any CPU
		{4ED931E4-4B9A-4F31-870C-47DC833F5FFE}.Debug|Mixed Platforms.ActiveCfg = Debug|Any CPU
		{4ED931E4-4B9A-4F31-870C-47DC833F5FFE}.Debug|Mixed Platforms.Build.0 = Debug|Any CPU
		{4ED931E4-4B9A-4F31-870C-47DC833F5FFE}.Debug|x86.ActiveCfg = Debug|Any CPU
		{4ED931E4-4B9A-4F31-870C-47DC833F5FFE}.Release|Any CPU.ActiveCfg = Release|Any CPU
		{4ED931E4-4B9A-4F31-870C-47DC833F5FFE}.Release|Any CPU.Build.0 = Release|Any CPU
		{4ED931E4-4B9A-4F31-870C-47DC833F5FFE}.Release|Mixed Platforms.ActiveCfg = Release|Any CPU
		{4ED931E4-4B9A-4F31-870C-47DC833F5FFE}.Release|Mixed Platforms.Build.0 = Release|Any CPU
		{4ED931E4-4B9A-4F31-870C-47DC833F5FFE}.Release|x86.ActiveCfg = Release|Any CPU
		{816A7640-99E4-4C7F-B6B7-D85AFD2C853F}.Debug|Any CPU.ActiveCfg = Debug|Any CPU
		{816A7640-99E4-4C7F-B6B7-D85AFD2C853F}.Debug|Any CPU.Build.0 = Debug|Any CPU
		{816A7640-99E4-4C7F-B6B7-D85AFD2C853F}.Debug|Mixed Platforms.ActiveCfg = Debug|Any CPU
		{816A7640-99E4-4C7F-B6B7-D85AFD2C853F}.Debug|Mixed Platforms.Build.0 = Debug|Any CPU
		{816A7640-99E4-4C7F-B6B7-D85AFD2C853F}.Debug|x86.ActiveCfg = Debug|Any CPU
		{816A7640-99E4-4C7F-B6B7-D85AFD2C853F}.Release|Any CPU.ActiveCfg = Release|Any CPU
		{816A7640-99E4-4C7F-B6B7-D85AFD2C853F}.Release|Any CPU.Build.0 = Release|Any CPU
		{816A7640-99E4-4C7F-B6B7-D85AFD2C853F}.Release|Mixed Platforms.ActiveCfg = Release|Any CPU
		{816A7640-99E4-4C7F-B6B7-D85AFD2C853F}.Release|Mixed Platforms.Build.0 = Release|Any CPU
		{816A7640-99E4-4C7F-B6B7-D85AFD2C853F}.Release|x86.ActiveCfg = Release|Any CPU
		{15787190-8AF3-443D-B7EC-24318E703459}.Debug|Any CPU.ActiveCfg = Debug|Any CPU
		{15787190-8AF3-443D-B7EC-24318E703459}.Debug|Any CPU.Build.0 = Debug|Any CPU
		{15787190-8AF3-443D-B7EC-24318E703459}.Debug|Mixed Platforms.ActiveCfg = Debug|Any CPU
		{15787190-8AF3-443D-B7EC-24318E703459}.Debug|Mixed Platforms.Build.0 = Debug|Any CPU
		{15787190-8AF3-443D-B7EC-24318E703459}.Debug|x86.ActiveCfg = Debug|Any CPU
		{15787190-8AF3-443D-B7EC-24318E703459}.Release|Any CPU.ActiveCfg = Release|Any CPU
		{15787190-8AF3-443D-B7EC-24318E703459}.Release|Any CPU.Build.0 = Release|Any CPU
		{15787190-8AF3-443D-B7EC-24318E703459}.Release|Mixed Platforms.ActiveCfg = Release|Any CPU
		{15787190-8AF3-443D-B7EC-24318E703459}.Release|Mixed Platforms.Build.0 = Release|Any CPU
		{15787190-8AF3-443D-B7EC-24318E703459}.Release|x86.ActiveCfg = Release|Any CPU
		{342AE817-7248-4BEE-B7BA-F5C158CBC06B}.Debug|Any CPU.ActiveCfg = Debug|Any CPU
		{342AE817-7248-4BEE-B7BA-F5C158CBC06B}.Debug|Any CPU.Build.0 = Debug|Any CPU
		{342AE817-7248-4BEE-B7BA-F5C158CBC06B}.Debug|Mixed Platforms.ActiveCfg = Debug|Any CPU
		{342AE817-7248-4BEE-B7BA-F5C158CBC06B}.Debug|Mixed Platforms.Build.0 = Debug|Any CPU
		{342AE817-7248-4BEE-B7BA-F5C158CBC06B}.Debug|x86.ActiveCfg = Debug|Any CPU
		{342AE817-7248-4BEE-B7BA-F5C158CBC06B}.Release|Any CPU.ActiveCfg = Release|Any CPU
		{342AE817-7248-4BEE-B7BA-F5C158CBC06B}.Release|Any CPU.Build.0 = Release|Any CPU
		{342AE817-7248-4BEE-B7BA-F5C158CBC06B}.Release|Mixed Platforms.ActiveCfg = Release|Any CPU
		{342AE817-7248-4BEE-B7BA-F5C158CBC06B}.Release|Mixed Platforms.Build.0 = Release|Any CPU
		{342AE817-7248-4BEE-B7BA-F5C158CBC06B}.Release|x86.ActiveCfg = Release|Any CPU
		{E8EB9737-15D0-477A-B9B0-2D68A449D7C5}.Debug|Any CPU.ActiveCfg = Debug|Any CPU
		{E8EB9737-15D0-477A-B9B0-2D68A449D7C5}.Debug|Any CPU.Build.0 = Debug|Any CPU
		{E8EB9737-15D0-477A-B9B0-2D68A449D7C5}.Debug|Mixed Platforms.ActiveCfg = Debug|Any CPU
		{E8EB9737-15D0-477A-B9B0-2D68A449D7C5}.Debug|Mixed Platforms.Build.0 = Debug|Any CPU
		{E8EB9737-15D0-477A-B9B0-2D68A449D7C5}.Debug|x86.ActiveCfg = Debug|Any CPU
		{E8EB9737-15D0-477A-B9B0-2D68A449D7C5}.Release|Any CPU.ActiveCfg = Release|Any CPU
		{E8EB9737-15D0-477A-B9B0-2D68A449D7C5}.Release|Any CPU.Build.0 = Release|Any CPU
		{E8EB9737-15D0-477A-B9B0-2D68A449D7C5}.Release|Mixed Platforms.ActiveCfg = Release|Any CPU
		{E8EB9737-15D0-477A-B9B0-2D68A449D7C5}.Release|Mixed Platforms.Build.0 = Release|Any CPU
		{E8EB9737-15D0-477A-B9B0-2D68A449D7C5}.Release|x86.ActiveCfg = Release|Any CPU
		{4385341C-DD9D-442E-A460-D318FCE18A59}.Debug|Any CPU.ActiveCfg = Debug|Any CPU
		{4385341C-DD9D-442E-A460-D318FCE18A59}.Debug|Any CPU.Build.0 = Debug|Any CPU
		{4385341C-DD9D-442E-A460-D318FCE18A59}.Debug|Mixed Platforms.ActiveCfg = Debug|Any CPU
		{4385341C-DD9D-442E-A460-D318FCE18A59}.Debug|Mixed Platforms.Build.0 = Debug|Any CPU
		{4385341C-DD9D-442E-A460-D318FCE18A59}.Debug|x86.ActiveCfg = Debug|Any CPU
		{4385341C-DD9D-442E-A460-D318FCE18A59}.Release|Any CPU.ActiveCfg = Release|Any CPU
		{4385341C-DD9D-442E-A460-D318FCE18A59}.Release|Any CPU.Build.0 = Release|Any CPU
		{4385341C-DD9D-442E-A460-D318FCE18A59}.Release|Mixed Platforms.ActiveCfg = Release|Any CPU
		{4385341C-DD9D-442E-A460-D318FCE18A59}.Release|Mixed Platforms.Build.0 = Release|Any CPU
		{4385341C-DD9D-442E-A460-D318FCE18A59}.Release|x86.ActiveCfg = Release|Any CPU
		{C1BDBC82-6901-4947-9112-044C41561F4C}.Debug|Any CPU.ActiveCfg = Debug|Any CPU
		{C1BDBC82-6901-4947-9112-044C41561F4C}.Debug|Any CPU.Build.0 = Debug|Any CPU
		{C1BDBC82-6901-4947-9112-044C41561F4C}.Debug|Mixed Platforms.ActiveCfg = Debug|Any CPU
		{C1BDBC82-6901-4947-9112-044C41561F4C}.Debug|Mixed Platforms.Build.0 = Debug|Any CPU
		{C1BDBC82-6901-4947-9112-044C41561F4C}.Debug|x86.ActiveCfg = Debug|Any CPU
		{C1BDBC82-6901-4947-9112-044C41561F4C}.Release|Any CPU.ActiveCfg = Release|Any CPU
		{C1BDBC82-6901-4947-9112-044C41561F4C}.Release|Any CPU.Build.0 = Release|Any CPU
		{C1BDBC82-6901-4947-9112-044C41561F4C}.Release|Mixed Platforms.ActiveCfg = Release|Any CPU
		{C1BDBC82-6901-4947-9112-044C41561F4C}.Release|Mixed Platforms.Build.0 = Release|Any CPU
		{C1BDBC82-6901-4947-9112-044C41561F4C}.Release|x86.ActiveCfg = Release|Any CPU
	EndGlobalSection
	GlobalSection(SolutionProperties) = preSolution
		HideSolutionNode = FALSE
	EndGlobalSection
	GlobalSection(NestedProjects) = preSolution
		{9DCA1678-8B1C-49AD-B279-0010C0A5F9F9} = {7A2EE3B3-0BE7-4716-87E1-7396AEB872E9}
		{A1C4CF3D-AF46-4BFC-8EDB-62BBB8B4EB74} = {D68D1F77-0149-4189-B977-92E26809B054}
		{B0AF0C4F-9D2A-4A9A-A35D-4EAA1AF22E54} = {D68D1F77-0149-4189-B977-92E26809B054}
		{CA0B7A0F-B64C-4CA2-A23B-4A6BA53C35C7} = {D68D1F77-0149-4189-B977-92E26809B054}
		{E957F2F3-F256-4795-B56C-654F286301F8} = {D68D1F77-0149-4189-B977-92E26809B054}
		{088EB230-247D-4398-B379-12AE29680E09} = {D68D1F77-0149-4189-B977-92E26809B054}
		{45ADCAB7-F544-4409-960C-6985F7000CE3} = {D68D1F77-0149-4189-B977-92E26809B054}
		{4DDEE057-E7EE-49E2-9498-EDC08DEAFE91} = {D68D1F77-0149-4189-B977-92E26809B054}
		{6DB457F0-C6B4-4268-8304-4F5B586E50FF} = {D68D1F77-0149-4189-B977-92E26809B054}
		{4385341C-DD9D-442E-A460-D318FCE18A59} = {D68D1F77-0149-4189-B977-92E26809B054}
		{DF6C92EF-262C-4AE3-A3F3-C0B91DC0653D} = {B198567C-D2AB-4386-9CA6-43116A563414}
		{C0120D0D-9846-47B3-8375-539E96C0C160} = {B198567C-D2AB-4386-9CA6-43116A563414}
		{416F3780-D529-4102-8275-11F1E6803023} = {B198567C-D2AB-4386-9CA6-43116A563414}
		{B887456A-E927-427B-BF31-56510B985C81} = {B198567C-D2AB-4386-9CA6-43116A563414}
		{FE1AC5D4-D717-49E5-94FC-E0DA519BB665} = {C0120D0D-9846-47B3-8375-539E96C0C160}
		{D98020F8-071E-4253-8582-A5E02D57B0DE} = {C0120D0D-9846-47B3-8375-539E96C0C160}
		{4837AB97-5A28-4CE8-995E-EEEBFD21FDC3} = {416F3780-D529-4102-8275-11F1E6803023}
		{20F1049E-81C3-4A9A-8285-6ADB38329C0E} = {416F3780-D529-4102-8275-11F1E6803023}
		{8603E46C-D9A6-45E3-B3ED-4BEF3FD0685D} = {416F3780-D529-4102-8275-11F1E6803023}
		{DB3E59BE-8440-4142-A64D-C4D1477F12CE} = {4837AB97-5A28-4CE8-995E-EEEBFD21FDC3}
		{2D7FFE82-2DBB-4BD7-9383-AA341A9D3750} = {4837AB97-5A28-4CE8-995E-EEEBFD21FDC3}
		{BC46E8E9-DF0D-4CC7-BC14-10C62DDAA869} = {4837AB97-5A28-4CE8-995E-EEEBFD21FDC3}
		{CC03621A-3D9F-47EC-8102-9C035F538923} = {20F1049E-81C3-4A9A-8285-6ADB38329C0E}
		{98DE7384-196E-4F0A-93AD-8F12CE4FC5E2} = {8603E46C-D9A6-45E3-B3ED-4BEF3FD0685D}
		{C7538474-3FA6-4FA4-A8C1-F8F9CDC08D52} = {8603E46C-D9A6-45E3-B3ED-4BEF3FD0685D}
		{15B3E0D2-6217-493A-A690-158C497F5318} = {A04F17B7-87BE-4140-BE37-AC76B1D466FA}
		{342AE817-7248-4BEE-B7BA-F5C158CBC06B} = {A04F17B7-87BE-4140-BE37-AC76B1D466FA}
		{E8EB9737-15D0-477A-B9B0-2D68A449D7C5} = {A04F17B7-87BE-4140-BE37-AC76B1D466FA}
		{4ED931E4-4B9A-4F31-870C-47DC833F5FFE} = {3A756D35-4689-4E2C-B95B-5087AF7EBAA8}
		{816A7640-99E4-4C7F-B6B7-D85AFD2C853F} = {3A756D35-4689-4E2C-B95B-5087AF7EBAA8}
		{7D3A8257-7F60-4A3B-8390-9657E3D18D4A} = {B887456A-E927-427B-BF31-56510B985C81}
		{15787190-8AF3-443D-B7EC-24318E703459} = {7D3A8257-7F60-4A3B-8390-9657E3D18D4A}
	EndGlobalSection
EndGlobal
