Microsoft Visual Studio Solution File, Format Version 11.00
# Visual Studio 2010
Project("{FAE04EC0-301F-11D3-BF4B-00C04F79EFBC}") = "OGP.ClientWpf", "OGP.ClientWpf\OGP.ClientWpf.csproj", "{9DCA1678-8B1C-49AD-B279-0010C0A5F9F9}"
EndProject
Project("{FAE04EC0-301F-11D3-BF4B-00C04F79EFBC}") = "Todolist.Client", "Todolist.Client\Todolist.Client.csproj", "{CC03621A-3D9F-47EC-8102-9C035F538923}"
EndProject
Project("{FAE04EC0-301F-11D3-BF4B-00C04F79EFBC}") = "Utils.Observable", "Utils.Observable\Utils.Observable.csproj", "{59166202-E0E4-44C7-9DDE-FB1B1C72F420}"
EndProject
Project("{FAE04EC0-301F-11D3-BF4B-00C04F79EFBC}") = "Todolist.ValueObjects", "Todolist.ValueObjects\Todolist.ValueObjects.csproj", "{98DE7384-196E-4F0A-93AD-8F12CE4FC5E2}"
EndProject
Project("{FAE04EC0-301F-11D3-BF4B-00C04F79EFBC}") = "Todolist.All", "Todolist.All\Todolist.All.csproj", "{BC46E8E9-DF0D-4CC7-BC14-10C62DDAA869}"
EndProject
Project("{FAE04EC0-301F-11D3-BF4B-00C04F79EFBC}") = "Todolist.Bll", "Todolist.Bll\Todolist.Bll.csproj", "{DB3E59BE-8440-4142-A64D-C4D1477F12CE}"
EndProject
Project("{FAE04EC0-301F-11D3-BF4B-00C04F79EFBC}") = "Utils.Wcf", "Utils.Wcf\Utils.Wcf.csproj", "{A1C4CF3D-AF46-4BFC-8EDB-62BBB8B4EB74}"
EndProject
Project("{2150E333-8FDC-42A3-9474-1A3956D46DE8}") = "Utils", "Utils", "{D68D1F77-0149-4189-B977-92E26809B054}"
EndProject
Project("{FAE04EC0-301F-11D3-BF4B-00C04F79EFBC}") = "Todolist.Service", "Todolist.Service\Todolist.Service.csproj", "{2D7FFE82-2DBB-4BD7-9383-AA341A9D3750}"
EndProject
Project("{2150E333-8FDC-42A3-9474-1A3956D46DE8}") = "Client", "Client", "{7A2EE3B3-0BE7-4716-87E1-7396AEB872E9}"
EndProject
Project("{2150E333-8FDC-42A3-9474-1A3956D46DE8}") = "Todolist", "Todolist", "{2358426A-324B-46C8-9BC4-0E0C7D1816BA}"
EndProject
Project("{2150E333-8FDC-42A3-9474-1A3956D46DE8}") = "Plugins", "Plugins", "{B198567C-D2AB-4386-9CA6-43116A563414}"
EndProject
Project("{FAE04EC0-301F-11D3-BF4B-00C04F79EFBC}") = "Cinch", "..\externe\Cinch\Cinch.csproj", "{6DB457F0-C6B4-4268-8304-4F5B586E50FF}"
EndProject
Project("{FAE04EC0-301F-11D3-BF4B-00C04F79EFBC}") = "Utils.UiDispatcher", "Utils.UiDispatcher\Utils.UiDispatcher.csproj", "{B0AF0C4F-9D2A-4A9A-A35D-4EAA1AF22E54}"
EndProject
Project("{2150E333-8FDC-42A3-9474-1A3956D46DE8}") = "All", "All", "{751705E8-B966-4B0D-ABA0-E7BB1343E5B6}"
EndProject
Project("{FAE04EC0-301F-11D3-BF4B-00C04F79EFBC}") = "OGP.Plugin", "OGP.Plugin\OGP.Plugin.csproj", "{DF6C92EF-262C-4AE3-A3F3-C0B91DC0653D}"
EndProject
Project("{FAE04EC0-301F-11D3-BF4B-00C04F79EFBC}") = "Utils.Log", "Utils.Log\Utils.Log.csproj", "{CA0B7A0F-B64C-4CA2-A23B-4A6BA53C35C7}"
EndProject
Project("{2150E333-8FDC-42A3-9474-1A3956D46DE8}") = "Service", "Service", "{9B7CDCAE-7066-450A-B7C7-76C9498A3086}"
EndProject
Global
	GlobalSection(SolutionConfigurationPlatforms) = preSolution
		Debug|Any CPU = Debug|Any CPU
		Debug|Mixed Platforms = Debug|Mixed Platforms
		Debug|x86 = Debug|x86
		GciDebug|Any CPU = GciDebug|Any CPU
		GciDebug|Mixed Platforms = GciDebug|Mixed Platforms
		GciDebug|x86 = GciDebug|x86
		GciRelease|Any CPU = GciRelease|Any CPU
		GciRelease|Mixed Platforms = GciRelease|Mixed Platforms
		GciRelease|x86 = GciRelease|x86
		GtirDebug|Any CPU = GtirDebug|Any CPU
		GtirDebug|Mixed Platforms = GtirDebug|Mixed Platforms
		GtirDebug|x86 = GtirDebug|x86
		GtirRelease|Any CPU = GtirRelease|Any CPU
		GtirRelease|Mixed Platforms = GtirRelease|Mixed Platforms
		GtirRelease|x86 = GtirRelease|x86
		Release|Any CPU = Release|Any CPU
		Release|Mixed Platforms = Release|Mixed Platforms
		Release|x86 = Release|x86
		Release64|Any CPU = Release64|Any CPU
		Release64|Mixed Platforms = Release64|Mixed Platforms
		Release64|x86 = Release64|x86
		ReleaseCea64|Any CPU = ReleaseCea64|Any CPU
		ReleaseCea64|Mixed Platforms = ReleaseCea64|Mixed Platforms
		ReleaseCea64|x86 = ReleaseCea64|x86
	EndGlobalSection
	GlobalSection(ProjectConfigurationPlatforms) = postSolution
		{9DCA1678-8B1C-49AD-B279-0010C0A5F9F9}.Debug|Any CPU.ActiveCfg = Debug|x86
		{9DCA1678-8B1C-49AD-B279-0010C0A5F9F9}.Debug|Any CPU.Build.0 = Debug|x86
		{9DCA1678-8B1C-49AD-B279-0010C0A5F9F9}.Debug|Mixed Platforms.ActiveCfg = Debug|x86
		{9DCA1678-8B1C-49AD-B279-0010C0A5F9F9}.Debug|Mixed Platforms.Build.0 = Debug|x86
		{9DCA1678-8B1C-49AD-B279-0010C0A5F9F9}.Debug|x86.ActiveCfg = Debug|x86
		{9DCA1678-8B1C-49AD-B279-0010C0A5F9F9}.Debug|x86.Build.0 = Debug|x86
		{9DCA1678-8B1C-49AD-B279-0010C0A5F9F9}.GciDebug|Any CPU.ActiveCfg = Debug|x86
		{9DCA1678-8B1C-49AD-B279-0010C0A5F9F9}.GciDebug|Mixed Platforms.ActiveCfg = Debug|x86
		{9DCA1678-8B1C-49AD-B279-0010C0A5F9F9}.GciDebug|Mixed Platforms.Build.0 = Debug|x86
		{9DCA1678-8B1C-49AD-B279-0010C0A5F9F9}.GciDebug|x86.ActiveCfg = Debug|x86
		{9DCA1678-8B1C-49AD-B279-0010C0A5F9F9}.GciDebug|x86.Build.0 = Debug|x86
		{9DCA1678-8B1C-49AD-B279-0010C0A5F9F9}.GciRelease|Any CPU.ActiveCfg = Release|x86
		{9DCA1678-8B1C-49AD-B279-0010C0A5F9F9}.GciRelease|Mixed Platforms.ActiveCfg = Release|x86
		{9DCA1678-8B1C-49AD-B279-0010C0A5F9F9}.GciRelease|Mixed Platforms.Build.0 = Release|x86
		{9DCA1678-8B1C-49AD-B279-0010C0A5F9F9}.GciRelease|x86.ActiveCfg = Release|x86
		{9DCA1678-8B1C-49AD-B279-0010C0A5F9F9}.GciRelease|x86.Build.0 = Release|x86
		{9DCA1678-8B1C-49AD-B279-0010C0A5F9F9}.GtirDebug|Any CPU.ActiveCfg = Debug|x86
		{9DCA1678-8B1C-49AD-B279-0010C0A5F9F9}.GtirDebug|Mixed Platforms.ActiveCfg = Debug|x86
		{9DCA1678-8B1C-49AD-B279-0010C0A5F9F9}.GtirDebug|Mixed Platforms.Build.0 = Debug|x86
		{9DCA1678-8B1C-49AD-B279-0010C0A5F9F9}.GtirDebug|x86.ActiveCfg = Debug|x86
		{9DCA1678-8B1C-49AD-B279-0010C0A5F9F9}.GtirDebug|x86.Build.0 = Debug|x86
		{9DCA1678-8B1C-49AD-B279-0010C0A5F9F9}.GtirRelease|Any CPU.ActiveCfg = Release|x86
		{9DCA1678-8B1C-49AD-B279-0010C0A5F9F9}.GtirRelease|Mixed Platforms.ActiveCfg = Release|x86
		{9DCA1678-8B1C-49AD-B279-0010C0A5F9F9}.GtirRelease|Mixed Platforms.Build.0 = Release|x86
		{9DCA1678-8B1C-49AD-B279-0010C0A5F9F9}.GtirRelease|x86.ActiveCfg = Release|x86
		{9DCA1678-8B1C-49AD-B279-0010C0A5F9F9}.GtirRelease|x86.Build.0 = Release|x86
		{9DCA1678-8B1C-49AD-B279-0010C0A5F9F9}.Release|Any CPU.ActiveCfg = Release|x86
		{9DCA1678-8B1C-49AD-B279-0010C0A5F9F9}.Release|Any CPU.Build.0 = Release|x86
		{9DCA1678-8B1C-49AD-B279-0010C0A5F9F9}.Release|Mixed Platforms.ActiveCfg = Release|x86
		{9DCA1678-8B1C-49AD-B279-0010C0A5F9F9}.Release|Mixed Platforms.Build.0 = Release|x86
		{9DCA1678-8B1C-49AD-B279-0010C0A5F9F9}.Release|x86.ActiveCfg = Release|x86
		{9DCA1678-8B1C-49AD-B279-0010C0A5F9F9}.Release|x86.Build.0 = Release|x86
		{9DCA1678-8B1C-49AD-B279-0010C0A5F9F9}.Release64|Any CPU.ActiveCfg = Release|x86
		{9DCA1678-8B1C-49AD-B279-0010C0A5F9F9}.Release64|Mixed Platforms.ActiveCfg = Release|x86
		{9DCA1678-8B1C-49AD-B279-0010C0A5F9F9}.Release64|Mixed Platforms.Build.0 = Release|x86
		{9DCA1678-8B1C-49AD-B279-0010C0A5F9F9}.Release64|x86.ActiveCfg = Release|x86
		{9DCA1678-8B1C-49AD-B279-0010C0A5F9F9}.Release64|x86.Build.0 = Release|x86
		{9DCA1678-8B1C-49AD-B279-0010C0A5F9F9}.ReleaseCea64|Any CPU.ActiveCfg = Release|x86
		{9DCA1678-8B1C-49AD-B279-0010C0A5F9F9}.ReleaseCea64|Mixed Platforms.ActiveCfg = Release|x86
		{9DCA1678-8B1C-49AD-B279-0010C0A5F9F9}.ReleaseCea64|Mixed Platforms.Build.0 = Release|x86
		{9DCA1678-8B1C-49AD-B279-0010C0A5F9F9}.ReleaseCea64|x86.ActiveCfg = Release|x86
		{9DCA1678-8B1C-49AD-B279-0010C0A5F9F9}.ReleaseCea64|x86.Build.0 = Release|x86
		{CC03621A-3D9F-47EC-8102-9C035F538923}.Debug|Any CPU.ActiveCfg = Debug|Any CPU
		{CC03621A-3D9F-47EC-8102-9C035F538923}.Debug|Any CPU.Build.0 = Debug|Any CPU
		{CC03621A-3D9F-47EC-8102-9C035F538923}.Debug|Mixed Platforms.ActiveCfg = Debug|Any CPU
		{CC03621A-3D9F-47EC-8102-9C035F538923}.Debug|Mixed Platforms.Build.0 = Debug|Any CPU
		{CC03621A-3D9F-47EC-8102-9C035F538923}.Debug|x86.ActiveCfg = Debug|Any CPU
		{CC03621A-3D9F-47EC-8102-9C035F538923}.Debug|x86.Build.0 = Debug|Any CPU
		{CC03621A-3D9F-47EC-8102-9C035F538923}.GciDebug|Any CPU.ActiveCfg = Debug|Any CPU
		{CC03621A-3D9F-47EC-8102-9C035F538923}.GciDebug|Any CPU.Build.0 = Debug|Any CPU
		{CC03621A-3D9F-47EC-8102-9C035F538923}.GciDebug|Mixed Platforms.ActiveCfg = Debug|Any CPU
		{CC03621A-3D9F-47EC-8102-9C035F538923}.GciDebug|Mixed Platforms.Build.0 = Debug|Any CPU
		{CC03621A-3D9F-47EC-8102-9C035F538923}.GciDebug|x86.ActiveCfg = Debug|Any CPU
		{CC03621A-3D9F-47EC-8102-9C035F538923}.GciRelease|Any CPU.ActiveCfg = Release|Any CPU
		{CC03621A-3D9F-47EC-8102-9C035F538923}.GciRelease|Any CPU.Build.0 = Release|Any CPU
		{CC03621A-3D9F-47EC-8102-9C035F538923}.GciRelease|Mixed Platforms.ActiveCfg = Release|Any CPU
		{CC03621A-3D9F-47EC-8102-9C035F538923}.GciRelease|Mixed Platforms.Build.0 = Release|Any CPU
		{CC03621A-3D9F-47EC-8102-9C035F538923}.GciRelease|x86.ActiveCfg = Release|Any CPU
		{CC03621A-3D9F-47EC-8102-9C035F538923}.GtirDebug|Any CPU.ActiveCfg = Debug|Any CPU
		{CC03621A-3D9F-47EC-8102-9C035F538923}.GtirDebug|Any CPU.Build.0 = Debug|Any CPU
		{CC03621A-3D9F-47EC-8102-9C035F538923}.GtirDebug|Mixed Platforms.ActiveCfg = Debug|Any CPU
		{CC03621A-3D9F-47EC-8102-9C035F538923}.GtirDebug|Mixed Platforms.Build.0 = Debug|Any CPU
		{CC03621A-3D9F-47EC-8102-9C035F538923}.GtirDebug|x86.ActiveCfg = Debug|Any CPU
		{CC03621A-3D9F-47EC-8102-9C035F538923}.GtirRelease|Any CPU.ActiveCfg = Release|Any CPU
		{CC03621A-3D9F-47EC-8102-9C035F538923}.GtirRelease|Any CPU.Build.0 = Release|Any CPU
		{CC03621A-3D9F-47EC-8102-9C035F538923}.GtirRelease|Mixed Platforms.ActiveCfg = Release|Any CPU
		{CC03621A-3D9F-47EC-8102-9C035F538923}.GtirRelease|Mixed Platforms.Build.0 = Release|Any CPU
		{CC03621A-3D9F-47EC-8102-9C035F538923}.GtirRelease|x86.ActiveCfg = Release|Any CPU
		{CC03621A-3D9F-47EC-8102-9C035F538923}.Release|Any CPU.ActiveCfg = Release|Any CPU
		{CC03621A-3D9F-47EC-8102-9C035F538923}.Release|Any CPU.Build.0 = Release|Any CPU
		{CC03621A-3D9F-47EC-8102-9C035F538923}.Release|Mixed Platforms.ActiveCfg = Release|Any CPU
		{CC03621A-3D9F-47EC-8102-9C035F538923}.Release|Mixed Platforms.Build.0 = Release|Any CPU
		{CC03621A-3D9F-47EC-8102-9C035F538923}.Release|x86.ActiveCfg = Release|Any CPU
		{CC03621A-3D9F-47EC-8102-9C035F538923}.Release|x86.Build.0 = Release|Any CPU
		{CC03621A-3D9F-47EC-8102-9C035F538923}.Release64|Any CPU.ActiveCfg = Release|Any CPU
		{CC03621A-3D9F-47EC-8102-9C035F538923}.Release64|Any CPU.Build.0 = Release|Any CPU
		{CC03621A-3D9F-47EC-8102-9C035F538923}.Release64|Mixed Platforms.ActiveCfg = Release|Any CPU
		{CC03621A-3D9F-47EC-8102-9C035F538923}.Release64|Mixed Platforms.Build.0 = Release|Any CPU
		{CC03621A-3D9F-47EC-8102-9C035F538923}.Release64|x86.ActiveCfg = Release|Any CPU
		{CC03621A-3D9F-47EC-8102-9C035F538923}.ReleaseCea64|Any CPU.ActiveCfg = Release|Any CPU
		{CC03621A-3D9F-47EC-8102-9C035F538923}.ReleaseCea64|Any CPU.Build.0 = Release|Any CPU
		{CC03621A-3D9F-47EC-8102-9C035F538923}.ReleaseCea64|Mixed Platforms.ActiveCfg = Release|Any CPU
		{CC03621A-3D9F-47EC-8102-9C035F538923}.ReleaseCea64|Mixed Platforms.Build.0 = Release|Any CPU
		{CC03621A-3D9F-47EC-8102-9C035F538923}.ReleaseCea64|x86.ActiveCfg = Release|Any CPU
		{59166202-E0E4-44C7-9DDE-FB1B1C72F420}.Debug|Any CPU.ActiveCfg = Debug|Any CPU
		{59166202-E0E4-44C7-9DDE-FB1B1C72F420}.Debug|Any CPU.Build.0 = Debug|Any CPU
		{59166202-E0E4-44C7-9DDE-FB1B1C72F420}.Debug|Mixed Platforms.ActiveCfg = Debug|Any CPU
		{59166202-E0E4-44C7-9DDE-FB1B1C72F420}.Debug|Mixed Platforms.Build.0 = Debug|Any CPU
		{59166202-E0E4-44C7-9DDE-FB1B1C72F420}.Debug|x86.ActiveCfg = Debug|Any CPU
		{59166202-E0E4-44C7-9DDE-FB1B1C72F420}.Debug|x86.Build.0 = Debug|Any CPU
		{59166202-E0E4-44C7-9DDE-FB1B1C72F420}.GciDebug|Any CPU.ActiveCfg = Debug|Any CPU
		{59166202-E0E4-44C7-9DDE-FB1B1C72F420}.GciDebug|Any CPU.Build.0 = Debug|Any CPU
		{59166202-E0E4-44C7-9DDE-FB1B1C72F420}.GciDebug|Mixed Platforms.ActiveCfg = Debug|Any CPU
		{59166202-E0E4-44C7-9DDE-FB1B1C72F420}.GciDebug|Mixed Platforms.Build.0 = Debug|Any CPU
		{59166202-E0E4-44C7-9DDE-FB1B1C72F420}.GciDebug|x86.ActiveCfg = Debug|Any CPU
		{59166202-E0E4-44C7-9DDE-FB1B1C72F420}.GciRelease|Any CPU.ActiveCfg = Release|Any CPU
		{59166202-E0E4-44C7-9DDE-FB1B1C72F420}.GciRelease|Any CPU.Build.0 = Release|Any CPU
		{59166202-E0E4-44C7-9DDE-FB1B1C72F420}.GciRelease|Mixed Platforms.ActiveCfg = Release|Any CPU
		{59166202-E0E4-44C7-9DDE-FB1B1C72F420}.GciRelease|Mixed Platforms.Build.0 = Release|Any CPU
		{59166202-E0E4-44C7-9DDE-FB1B1C72F420}.GciRelease|x86.ActiveCfg = Release|Any CPU
		{59166202-E0E4-44C7-9DDE-FB1B1C72F420}.GtirDebug|Any CPU.ActiveCfg = Debug|Any CPU
		{59166202-E0E4-44C7-9DDE-FB1B1C72F420}.GtirDebug|Any CPU.Build.0 = Debug|Any CPU
		{59166202-E0E4-44C7-9DDE-FB1B1C72F420}.GtirDebug|Mixed Platforms.ActiveCfg = Debug|Any CPU
		{59166202-E0E4-44C7-9DDE-FB1B1C72F420}.GtirDebug|Mixed Platforms.Build.0 = Debug|Any CPU
		{59166202-E0E4-44C7-9DDE-FB1B1C72F420}.GtirDebug|x86.ActiveCfg = Debug|Any CPU
		{59166202-E0E4-44C7-9DDE-FB1B1C72F420}.GtirRelease|Any CPU.ActiveCfg = Release|Any CPU
		{59166202-E0E4-44C7-9DDE-FB1B1C72F420}.GtirRelease|Any CPU.Build.0 = Release|Any CPU
		{59166202-E0E4-44C7-9DDE-FB1B1C72F420}.GtirRelease|Mixed Platforms.ActiveCfg = Release|Any CPU
		{59166202-E0E4-44C7-9DDE-FB1B1C72F420}.GtirRelease|Mixed Platforms.Build.0 = Release|Any CPU
		{59166202-E0E4-44C7-9DDE-FB1B1C72F420}.GtirRelease|x86.ActiveCfg = Release|Any CPU
		{59166202-E0E4-44C7-9DDE-FB1B1C72F420}.Release|Any CPU.ActiveCfg = Release|Any CPU
		{59166202-E0E4-44C7-9DDE-FB1B1C72F420}.Release|Any CPU.Build.0 = Release|Any CPU
		{59166202-E0E4-44C7-9DDE-FB1B1C72F420}.Release|Mixed Platforms.ActiveCfg = Release|Any CPU
		{59166202-E0E4-44C7-9DDE-FB1B1C72F420}.Release|Mixed Platforms.Build.0 = Release|Any CPU
		{59166202-E0E4-44C7-9DDE-FB1B1C72F420}.Release|x86.ActiveCfg = Release|Any CPU
		{59166202-E0E4-44C7-9DDE-FB1B1C72F420}.Release|x86.Build.0 = Release|Any CPU
		{59166202-E0E4-44C7-9DDE-FB1B1C72F420}.Release64|Any CPU.ActiveCfg = Release|Any CPU
		{59166202-E0E4-44C7-9DDE-FB1B1C72F420}.Release64|Any CPU.Build.0 = Release|Any CPU
		{59166202-E0E4-44C7-9DDE-FB1B1C72F420}.Release64|Mixed Platforms.ActiveCfg = Release|Any CPU
		{59166202-E0E4-44C7-9DDE-FB1B1C72F420}.Release64|Mixed Platforms.Build.0 = Release|Any CPU
		{59166202-E0E4-44C7-9DDE-FB1B1C72F420}.Release64|x86.ActiveCfg = Release|Any CPU
		{59166202-E0E4-44C7-9DDE-FB1B1C72F420}.ReleaseCea64|Any CPU.ActiveCfg = Release|Any CPU
		{59166202-E0E4-44C7-9DDE-FB1B1C72F420}.ReleaseCea64|Any CPU.Build.0 = Release|Any CPU
		{59166202-E0E4-44C7-9DDE-FB1B1C72F420}.ReleaseCea64|Mixed Platforms.ActiveCfg = Release|Any CPU
		{59166202-E0E4-44C7-9DDE-FB1B1C72F420}.ReleaseCea64|Mixed Platforms.Build.0 = Release|Any CPU
		{59166202-E0E4-44C7-9DDE-FB1B1C72F420}.ReleaseCea64|x86.ActiveCfg = Release|Any CPU
		{98DE7384-196E-4F0A-93AD-8F12CE4FC5E2}.Debug|Any CPU.ActiveCfg = Debug|Any CPU
		{98DE7384-196E-4F0A-93AD-8F12CE4FC5E2}.Debug|Any CPU.Build.0 = Debug|Any CPU
		{98DE7384-196E-4F0A-93AD-8F12CE4FC5E2}.Debug|Mixed Platforms.ActiveCfg = Debug|Any CPU
		{98DE7384-196E-4F0A-93AD-8F12CE4FC5E2}.Debug|Mixed Platforms.Build.0 = Debug|Any CPU
		{98DE7384-196E-4F0A-93AD-8F12CE4FC5E2}.Debug|x86.ActiveCfg = Debug|Any CPU
		{98DE7384-196E-4F0A-93AD-8F12CE4FC5E2}.Debug|x86.Build.0 = Debug|Any CPU
		{98DE7384-196E-4F0A-93AD-8F12CE4FC5E2}.GciDebug|Any CPU.ActiveCfg = Debug|Any CPU
		{98DE7384-196E-4F0A-93AD-8F12CE4FC5E2}.GciDebug|Any CPU.Build.0 = Debug|Any CPU
		{98DE7384-196E-4F0A-93AD-8F12CE4FC5E2}.GciDebug|Mixed Platforms.ActiveCfg = Debug|Any CPU
		{98DE7384-196E-4F0A-93AD-8F12CE4FC5E2}.GciDebug|Mixed Platforms.Build.0 = Debug|Any CPU
		{98DE7384-196E-4F0A-93AD-8F12CE4FC5E2}.GciDebug|x86.ActiveCfg = Debug|Any CPU
		{98DE7384-196E-4F0A-93AD-8F12CE4FC5E2}.GciRelease|Any CPU.ActiveCfg = Release|Any CPU
		{98DE7384-196E-4F0A-93AD-8F12CE4FC5E2}.GciRelease|Any CPU.Build.0 = Release|Any CPU
		{98DE7384-196E-4F0A-93AD-8F12CE4FC5E2}.GciRelease|Mixed Platforms.ActiveCfg = Release|Any CPU
		{98DE7384-196E-4F0A-93AD-8F12CE4FC5E2}.GciRelease|Mixed Platforms.Build.0 = Release|Any CPU
		{98DE7384-196E-4F0A-93AD-8F12CE4FC5E2}.GciRelease|x86.ActiveCfg = Release|Any CPU
		{98DE7384-196E-4F0A-93AD-8F12CE4FC5E2}.GtirDebug|Any CPU.ActiveCfg = Debug|Any CPU
		{98DE7384-196E-4F0A-93AD-8F12CE4FC5E2}.GtirDebug|Any CPU.Build.0 = Debug|Any CPU
		{98DE7384-196E-4F0A-93AD-8F12CE4FC5E2}.GtirDebug|Mixed Platforms.ActiveCfg = Debug|Any CPU
		{98DE7384-196E-4F0A-93AD-8F12CE4FC5E2}.GtirDebug|Mixed Platforms.Build.0 = Debug|Any CPU
		{98DE7384-196E-4F0A-93AD-8F12CE4FC5E2}.GtirDebug|x86.ActiveCfg = Debug|Any CPU
		{98DE7384-196E-4F0A-93AD-8F12CE4FC5E2}.GtirRelease|Any CPU.ActiveCfg = Release|Any CPU
		{98DE7384-196E-4F0A-93AD-8F12CE4FC5E2}.GtirRelease|Any CPU.Build.0 = Release|Any CPU
		{98DE7384-196E-4F0A-93AD-8F12CE4FC5E2}.GtirRelease|Mixed Platforms.ActiveCfg = Release|Any CPU
		{98DE7384-196E-4F0A-93AD-8F12CE4FC5E2}.GtirRelease|Mixed Platforms.Build.0 = Release|Any CPU
		{98DE7384-196E-4F0A-93AD-8F12CE4FC5E2}.GtirRelease|x86.ActiveCfg = Release|Any CPU
		{98DE7384-196E-4F0A-93AD-8F12CE4FC5E2}.Release|Any CPU.ActiveCfg = Release|Any CPU
		{98DE7384-196E-4F0A-93AD-8F12CE4FC5E2}.Release|Any CPU.Build.0 = Release|Any CPU
		{98DE7384-196E-4F0A-93AD-8F12CE4FC5E2}.Release|Mixed Platforms.ActiveCfg = Release|Any CPU
		{98DE7384-196E-4F0A-93AD-8F12CE4FC5E2}.Release|Mixed Platforms.Build.0 = Release|Any CPU
		{98DE7384-196E-4F0A-93AD-8F12CE4FC5E2}.Release|x86.ActiveCfg = Release|Any CPU
		{98DE7384-196E-4F0A-93AD-8F12CE4FC5E2}.Release|x86.Build.0 = Release|Any CPU
		{98DE7384-196E-4F0A-93AD-8F12CE4FC5E2}.Release64|Any CPU.ActiveCfg = Release|Any CPU
		{98DE7384-196E-4F0A-93AD-8F12CE4FC5E2}.Release64|Any CPU.Build.0 = Release|Any CPU
		{98DE7384-196E-4F0A-93AD-8F12CE4FC5E2}.Release64|Mixed Platforms.ActiveCfg = Release|Any CPU
		{98DE7384-196E-4F0A-93AD-8F12CE4FC5E2}.Release64|Mixed Platforms.Build.0 = Release|Any CPU
		{98DE7384-196E-4F0A-93AD-8F12CE4FC5E2}.Release64|x86.ActiveCfg = Release|Any CPU
		{98DE7384-196E-4F0A-93AD-8F12CE4FC5E2}.ReleaseCea64|Any CPU.ActiveCfg = Release|Any CPU
		{98DE7384-196E-4F0A-93AD-8F12CE4FC5E2}.ReleaseCea64|Any CPU.Build.0 = Release|Any CPU
		{98DE7384-196E-4F0A-93AD-8F12CE4FC5E2}.ReleaseCea64|Mixed Platforms.ActiveCfg = Release|Any CPU
		{98DE7384-196E-4F0A-93AD-8F12CE4FC5E2}.ReleaseCea64|Mixed Platforms.Build.0 = Release|Any CPU
		{98DE7384-196E-4F0A-93AD-8F12CE4FC5E2}.ReleaseCea64|x86.ActiveCfg = Release|Any CPU
		{BC46E8E9-DF0D-4CC7-BC14-10C62DDAA869}.Debug|Any CPU.ActiveCfg = Debug|Any CPU
		{BC46E8E9-DF0D-4CC7-BC14-10C62DDAA869}.Debug|Any CPU.Build.0 = Debug|Any CPU
		{BC46E8E9-DF0D-4CC7-BC14-10C62DDAA869}.Debug|Mixed Platforms.ActiveCfg = Debug|Any CPU
		{BC46E8E9-DF0D-4CC7-BC14-10C62DDAA869}.Debug|Mixed Platforms.Build.0 = Debug|Any CPU
		{BC46E8E9-DF0D-4CC7-BC14-10C62DDAA869}.Debug|x86.ActiveCfg = Debug|Any CPU
		{BC46E8E9-DF0D-4CC7-BC14-10C62DDAA869}.Debug|x86.Build.0 = Debug|Any CPU
		{BC46E8E9-DF0D-4CC7-BC14-10C62DDAA869}.GciDebug|Any CPU.ActiveCfg = Debug|Any CPU
		{BC46E8E9-DF0D-4CC7-BC14-10C62DDAA869}.GciDebug|Any CPU.Build.0 = Debug|Any CPU
		{BC46E8E9-DF0D-4CC7-BC14-10C62DDAA869}.GciDebug|Mixed Platforms.ActiveCfg = Debug|Any CPU
		{BC46E8E9-DF0D-4CC7-BC14-10C62DDAA869}.GciDebug|Mixed Platforms.Build.0 = Debug|Any CPU
		{BC46E8E9-DF0D-4CC7-BC14-10C62DDAA869}.GciDebug|x86.ActiveCfg = Debug|Any CPU
		{BC46E8E9-DF0D-4CC7-BC14-10C62DDAA869}.GciRelease|Any CPU.ActiveCfg = Release|Any CPU
		{BC46E8E9-DF0D-4CC7-BC14-10C62DDAA869}.GciRelease|Any CPU.Build.0 = Release|Any CPU
		{BC46E8E9-DF0D-4CC7-BC14-10C62DDAA869}.GciRelease|Mixed Platforms.ActiveCfg = Release|Any CPU
		{BC46E8E9-DF0D-4CC7-BC14-10C62DDAA869}.GciRelease|Mixed Platforms.Build.0 = Release|Any CPU
		{BC46E8E9-DF0D-4CC7-BC14-10C62DDAA869}.GciRelease|x86.ActiveCfg = Release|Any CPU
		{BC46E8E9-DF0D-4CC7-BC14-10C62DDAA869}.GtirDebug|Any CPU.ActiveCfg = Debug|Any CPU
		{BC46E8E9-DF0D-4CC7-BC14-10C62DDAA869}.GtirDebug|Any CPU.Build.0 = Debug|Any CPU
		{BC46E8E9-DF0D-4CC7-BC14-10C62DDAA869}.GtirDebug|Mixed Platforms.ActiveCfg = Debug|Any CPU
		{BC46E8E9-DF0D-4CC7-BC14-10C62DDAA869}.GtirDebug|Mixed Platforms.Build.0 = Debug|Any CPU
		{BC46E8E9-DF0D-4CC7-BC14-10C62DDAA869}.GtirDebug|x86.ActiveCfg = Debug|Any CPU
		{BC46E8E9-DF0D-4CC7-BC14-10C62DDAA869}.GtirRelease|Any CPU.ActiveCfg = Release|Any CPU
		{BC46E8E9-DF0D-4CC7-BC14-10C62DDAA869}.GtirRelease|Any CPU.Build.0 = Release|Any CPU
		{BC46E8E9-DF0D-4CC7-BC14-10C62DDAA869}.GtirRelease|Mixed Platforms.ActiveCfg = Release|Any CPU
		{BC46E8E9-DF0D-4CC7-BC14-10C62DDAA869}.GtirRelease|Mixed Platforms.Build.0 = Release|Any CPU
		{BC46E8E9-DF0D-4CC7-BC14-10C62DDAA869}.GtirRelease|x86.ActiveCfg = Release|Any CPU
		{BC46E8E9-DF0D-4CC7-BC14-10C62DDAA869}.Release|Any CPU.ActiveCfg = Release|Any CPU
		{BC46E8E9-DF0D-4CC7-BC14-10C62DDAA869}.Release|Any CPU.Build.0 = Release|Any CPU
		{BC46E8E9-DF0D-4CC7-BC14-10C62DDAA869}.Release|Mixed Platforms.ActiveCfg = Release|Any CPU
		{BC46E8E9-DF0D-4CC7-BC14-10C62DDAA869}.Release|Mixed Platforms.Build.0 = Release|Any CPU
		{BC46E8E9-DF0D-4CC7-BC14-10C62DDAA869}.Release|x86.ActiveCfg = Release|Any CPU
		{BC46E8E9-DF0D-4CC7-BC14-10C62DDAA869}.Release|x86.Build.0 = Release|Any CPU
		{BC46E8E9-DF0D-4CC7-BC14-10C62DDAA869}.Release64|Any CPU.ActiveCfg = Release|Any CPU
		{BC46E8E9-DF0D-4CC7-BC14-10C62DDAA869}.Release64|Any CPU.Build.0 = Release|Any CPU
		{BC46E8E9-DF0D-4CC7-BC14-10C62DDAA869}.Release64|Mixed Platforms.ActiveCfg = Release|Any CPU
		{BC46E8E9-DF0D-4CC7-BC14-10C62DDAA869}.Release64|Mixed Platforms.Build.0 = Release|Any CPU
		{BC46E8E9-DF0D-4CC7-BC14-10C62DDAA869}.Release64|x86.ActiveCfg = Release|Any CPU
		{BC46E8E9-DF0D-4CC7-BC14-10C62DDAA869}.ReleaseCea64|Any CPU.ActiveCfg = Release|Any CPU
		{BC46E8E9-DF0D-4CC7-BC14-10C62DDAA869}.ReleaseCea64|Any CPU.Build.0 = Release|Any CPU
		{BC46E8E9-DF0D-4CC7-BC14-10C62DDAA869}.ReleaseCea64|Mixed Platforms.ActiveCfg = Release|Any CPU
		{BC46E8E9-DF0D-4CC7-BC14-10C62DDAA869}.ReleaseCea64|Mixed Platforms.Build.0 = Release|Any CPU
		{BC46E8E9-DF0D-4CC7-BC14-10C62DDAA869}.ReleaseCea64|x86.ActiveCfg = Release|Any CPU
		{DB3E59BE-8440-4142-A64D-C4D1477F12CE}.Debug|Any CPU.ActiveCfg = Debug|Any CPU
		{DB3E59BE-8440-4142-A64D-C4D1477F12CE}.Debug|Any CPU.Build.0 = Debug|Any CPU
		{DB3E59BE-8440-4142-A64D-C4D1477F12CE}.Debug|Mixed Platforms.ActiveCfg = Debug|Any CPU
		{DB3E59BE-8440-4142-A64D-C4D1477F12CE}.Debug|Mixed Platforms.Build.0 = Debug|Any CPU
		{DB3E59BE-8440-4142-A64D-C4D1477F12CE}.Debug|x86.ActiveCfg = Debug|Any CPU
		{DB3E59BE-8440-4142-A64D-C4D1477F12CE}.Debug|x86.Build.0 = Debug|Any CPU
		{DB3E59BE-8440-4142-A64D-C4D1477F12CE}.GciDebug|Any CPU.ActiveCfg = Debug|Any CPU
		{DB3E59BE-8440-4142-A64D-C4D1477F12CE}.GciDebug|Any CPU.Build.0 = Debug|Any CPU
		{DB3E59BE-8440-4142-A64D-C4D1477F12CE}.GciDebug|Mixed Platforms.ActiveCfg = Debug|Any CPU
		{DB3E59BE-8440-4142-A64D-C4D1477F12CE}.GciDebug|Mixed Platforms.Build.0 = Debug|Any CPU
		{DB3E59BE-8440-4142-A64D-C4D1477F12CE}.GciDebug|x86.ActiveCfg = Debug|Any CPU
		{DB3E59BE-8440-4142-A64D-C4D1477F12CE}.GciRelease|Any CPU.ActiveCfg = Release|Any CPU
		{DB3E59BE-8440-4142-A64D-C4D1477F12CE}.GciRelease|Any CPU.Build.0 = Release|Any CPU
		{DB3E59BE-8440-4142-A64D-C4D1477F12CE}.GciRelease|Mixed Platforms.ActiveCfg = Release|Any CPU
		{DB3E59BE-8440-4142-A64D-C4D1477F12CE}.GciRelease|Mixed Platforms.Build.0 = Release|Any CPU
		{DB3E59BE-8440-4142-A64D-C4D1477F12CE}.GciRelease|x86.ActiveCfg = Release|Any CPU
		{DB3E59BE-8440-4142-A64D-C4D1477F12CE}.GtirDebug|Any CPU.ActiveCfg = Debug|Any CPU
		{DB3E59BE-8440-4142-A64D-C4D1477F12CE}.GtirDebug|Any CPU.Build.0 = Debug|Any CPU
		{DB3E59BE-8440-4142-A64D-C4D1477F12CE}.GtirDebug|Mixed Platforms.ActiveCfg = Debug|Any CPU
		{DB3E59BE-8440-4142-A64D-C4D1477F12CE}.GtirDebug|Mixed Platforms.Build.0 = Debug|Any CPU
		{DB3E59BE-8440-4142-A64D-C4D1477F12CE}.GtirDebug|x86.ActiveCfg = Debug|Any CPU
		{DB3E59BE-8440-4142-A64D-C4D1477F12CE}.GtirRelease|Any CPU.ActiveCfg = Release|Any CPU
		{DB3E59BE-8440-4142-A64D-C4D1477F12CE}.GtirRelease|Any CPU.Build.0 = Release|Any CPU
		{DB3E59BE-8440-4142-A64D-C4D1477F12CE}.GtirRelease|Mixed Platforms.ActiveCfg = Release|Any CPU
		{DB3E59BE-8440-4142-A64D-C4D1477F12CE}.GtirRelease|Mixed Platforms.Build.0 = Release|Any CPU
		{DB3E59BE-8440-4142-A64D-C4D1477F12CE}.GtirRelease|x86.ActiveCfg = Release|Any CPU
		{DB3E59BE-8440-4142-A64D-C4D1477F12CE}.Release|Any CPU.ActiveCfg = Release|Any CPU
		{DB3E59BE-8440-4142-A64D-C4D1477F12CE}.Release|Any CPU.Build.0 = Release|Any CPU
		{DB3E59BE-8440-4142-A64D-C4D1477F12CE}.Release|Mixed Platforms.ActiveCfg = Release|Any CPU
		{DB3E59BE-8440-4142-A64D-C4D1477F12CE}.Release|Mixed Platforms.Build.0 = Release|Any CPU
		{DB3E59BE-8440-4142-A64D-C4D1477F12CE}.Release|x86.ActiveCfg = Release|Any CPU
		{DB3E59BE-8440-4142-A64D-C4D1477F12CE}.Release|x86.Build.0 = Release|Any CPU
		{DB3E59BE-8440-4142-A64D-C4D1477F12CE}.Release64|Any CPU.ActiveCfg = Release|Any CPU
		{DB3E59BE-8440-4142-A64D-C4D1477F12CE}.Release64|Any CPU.Build.0 = Release|Any CPU
		{DB3E59BE-8440-4142-A64D-C4D1477F12CE}.Release64|Mixed Platforms.ActiveCfg = Release|Any CPU
		{DB3E59BE-8440-4142-A64D-C4D1477F12CE}.Release64|Mixed Platforms.Build.0 = Release|Any CPU
		{DB3E59BE-8440-4142-A64D-C4D1477F12CE}.Release64|x86.ActiveCfg = Release|Any CPU
		{DB3E59BE-8440-4142-A64D-C4D1477F12CE}.ReleaseCea64|Any CPU.ActiveCfg = Release|Any CPU
		{DB3E59BE-8440-4142-A64D-C4D1477F12CE}.ReleaseCea64|Any CPU.Build.0 = Release|Any CPU
		{DB3E59BE-8440-4142-A64D-C4D1477F12CE}.ReleaseCea64|Mixed Platforms.ActiveCfg = Release|Any CPU
		{DB3E59BE-8440-4142-A64D-C4D1477F12CE}.ReleaseCea64|Mixed Platforms.Build.0 = Release|Any CPU
		{DB3E59BE-8440-4142-A64D-C4D1477F12CE}.ReleaseCea64|x86.ActiveCfg = Release|Any CPU
		{A1C4CF3D-AF46-4BFC-8EDB-62BBB8B4EB74}.Debug|Any CPU.ActiveCfg = Debug|Any CPU
		{A1C4CF3D-AF46-4BFC-8EDB-62BBB8B4EB74}.Debug|Any CPU.Build.0 = Debug|Any CPU
		{A1C4CF3D-AF46-4BFC-8EDB-62BBB8B4EB74}.Debug|Mixed Platforms.ActiveCfg = Debug|Any CPU
		{A1C4CF3D-AF46-4BFC-8EDB-62BBB8B4EB74}.Debug|Mixed Platforms.Build.0 = Debug|Any CPU
		{A1C4CF3D-AF46-4BFC-8EDB-62BBB8B4EB74}.Debug|x86.ActiveCfg = Debug|Any CPU
		{A1C4CF3D-AF46-4BFC-8EDB-62BBB8B4EB74}.Debug|x86.Build.0 = Debug|Any CPU
		{A1C4CF3D-AF46-4BFC-8EDB-62BBB8B4EB74}.GciDebug|Any CPU.ActiveCfg = Debug|Any CPU
		{A1C4CF3D-AF46-4BFC-8EDB-62BBB8B4EB74}.GciDebug|Any CPU.Build.0 = Debug|Any CPU
		{A1C4CF3D-AF46-4BFC-8EDB-62BBB8B4EB74}.GciDebug|Mixed Platforms.ActiveCfg = Debug|Any CPU
		{A1C4CF3D-AF46-4BFC-8EDB-62BBB8B4EB74}.GciDebug|Mixed Platforms.Build.0 = Debug|Any CPU
		{A1C4CF3D-AF46-4BFC-8EDB-62BBB8B4EB74}.GciDebug|x86.ActiveCfg = Debug|Any CPU
		{A1C4CF3D-AF46-4BFC-8EDB-62BBB8B4EB74}.GciRelease|Any CPU.ActiveCfg = Release|Any CPU
		{A1C4CF3D-AF46-4BFC-8EDB-62BBB8B4EB74}.GciRelease|Any CPU.Build.0 = Release|Any CPU
		{A1C4CF3D-AF46-4BFC-8EDB-62BBB8B4EB74}.GciRelease|Mixed Platforms.ActiveCfg = Release|Any CPU
		{A1C4CF3D-AF46-4BFC-8EDB-62BBB8B4EB74}.GciRelease|Mixed Platforms.Build.0 = Release|Any CPU
		{A1C4CF3D-AF46-4BFC-8EDB-62BBB8B4EB74}.GciRelease|x86.ActiveCfg = Release|Any CPU
		{A1C4CF3D-AF46-4BFC-8EDB-62BBB8B4EB74}.GtirDebug|Any CPU.ActiveCfg = Debug|Any CPU
		{A1C4CF3D-AF46-4BFC-8EDB-62BBB8B4EB74}.GtirDebug|Any CPU.Build.0 = Debug|Any CPU
		{A1C4CF3D-AF46-4BFC-8EDB-62BBB8B4EB74}.GtirDebug|Mixed Platforms.ActiveCfg = Debug|Any CPU
		{A1C4CF3D-AF46-4BFC-8EDB-62BBB8B4EB74}.GtirDebug|Mixed Platforms.Build.0 = Debug|Any CPU
		{A1C4CF3D-AF46-4BFC-8EDB-62BBB8B4EB74}.GtirDebug|x86.ActiveCfg = Debug|Any CPU
		{A1C4CF3D-AF46-4BFC-8EDB-62BBB8B4EB74}.GtirRelease|Any CPU.ActiveCfg = Release|Any CPU
		{A1C4CF3D-AF46-4BFC-8EDB-62BBB8B4EB74}.GtirRelease|Any CPU.Build.0 = Release|Any CPU
		{A1C4CF3D-AF46-4BFC-8EDB-62BBB8B4EB74}.GtirRelease|Mixed Platforms.ActiveCfg = Release|Any CPU
		{A1C4CF3D-AF46-4BFC-8EDB-62BBB8B4EB74}.GtirRelease|Mixed Platforms.Build.0 = Release|Any CPU
		{A1C4CF3D-AF46-4BFC-8EDB-62BBB8B4EB74}.GtirRelease|x86.ActiveCfg = Release|Any CPU
		{A1C4CF3D-AF46-4BFC-8EDB-62BBB8B4EB74}.Release|Any CPU.ActiveCfg = Release|Any CPU
		{A1C4CF3D-AF46-4BFC-8EDB-62BBB8B4EB74}.Release|Any CPU.Build.0 = Release|Any CPU
		{A1C4CF3D-AF46-4BFC-8EDB-62BBB8B4EB74}.Release|Mixed Platforms.ActiveCfg = Release|Any CPU
		{A1C4CF3D-AF46-4BFC-8EDB-62BBB8B4EB74}.Release|Mixed Platforms.Build.0 = Release|Any CPU
		{A1C4CF3D-AF46-4BFC-8EDB-62BBB8B4EB74}.Release|x86.ActiveCfg = Release|Any CPU
		{A1C4CF3D-AF46-4BFC-8EDB-62BBB8B4EB74}.Release|x86.Build.0 = Release|Any CPU
		{A1C4CF3D-AF46-4BFC-8EDB-62BBB8B4EB74}.Release64|Any CPU.ActiveCfg = Release|Any CPU
		{A1C4CF3D-AF46-4BFC-8EDB-62BBB8B4EB74}.Release64|Any CPU.Build.0 = Release|Any CPU
		{A1C4CF3D-AF46-4BFC-8EDB-62BBB8B4EB74}.Release64|Mixed Platforms.ActiveCfg = Release|Any CPU
		{A1C4CF3D-AF46-4BFC-8EDB-62BBB8B4EB74}.Release64|Mixed Platforms.Build.0 = Release|Any CPU
		{A1C4CF3D-AF46-4BFC-8EDB-62BBB8B4EB74}.Release64|x86.ActiveCfg = Release|Any CPU
		{A1C4CF3D-AF46-4BFC-8EDB-62BBB8B4EB74}.ReleaseCea64|Any CPU.ActiveCfg = Release|Any CPU
		{A1C4CF3D-AF46-4BFC-8EDB-62BBB8B4EB74}.ReleaseCea64|Any CPU.Build.0 = Release|Any CPU
		{A1C4CF3D-AF46-4BFC-8EDB-62BBB8B4EB74}.ReleaseCea64|Mixed Platforms.ActiveCfg = Release|Any CPU
		{A1C4CF3D-AF46-4BFC-8EDB-62BBB8B4EB74}.ReleaseCea64|Mixed Platforms.Build.0 = Release|Any CPU
		{A1C4CF3D-AF46-4BFC-8EDB-62BBB8B4EB74}.ReleaseCea64|x86.ActiveCfg = Release|Any CPU
		{2D7FFE82-2DBB-4BD7-9383-AA341A9D3750}.Debug|Any CPU.ActiveCfg = Debug|Any CPU
		{2D7FFE82-2DBB-4BD7-9383-AA341A9D3750}.Debug|Any CPU.Build.0 = Debug|Any CPU
		{2D7FFE82-2DBB-4BD7-9383-AA341A9D3750}.Debug|Mixed Platforms.ActiveCfg = Debug|Any CPU
		{2D7FFE82-2DBB-4BD7-9383-AA341A9D3750}.Debug|Mixed Platforms.Build.0 = Debug|Any CPU
		{2D7FFE82-2DBB-4BD7-9383-AA341A9D3750}.Debug|x86.ActiveCfg = Debug|Any CPU
		{2D7FFE82-2DBB-4BD7-9383-AA341A9D3750}.Debug|x86.Build.0 = Debug|Any CPU
		{2D7FFE82-2DBB-4BD7-9383-AA341A9D3750}.GciDebug|Any CPU.ActiveCfg = Debug|Any CPU
		{2D7FFE82-2DBB-4BD7-9383-AA341A9D3750}.GciDebug|Any CPU.Build.0 = Debug|Any CPU
		{2D7FFE82-2DBB-4BD7-9383-AA341A9D3750}.GciDebug|Mixed Platforms.ActiveCfg = Debug|Any CPU
		{2D7FFE82-2DBB-4BD7-9383-AA341A9D3750}.GciDebug|Mixed Platforms.Build.0 = Debug|Any CPU
		{2D7FFE82-2DBB-4BD7-9383-AA341A9D3750}.GciDebug|x86.ActiveCfg = Debug|Any CPU
		{2D7FFE82-2DBB-4BD7-9383-AA341A9D3750}.GciRelease|Any CPU.ActiveCfg = Release|Any CPU
		{2D7FFE82-2DBB-4BD7-9383-AA341A9D3750}.GciRelease|Any CPU.Build.0 = Release|Any CPU
		{2D7FFE82-2DBB-4BD7-9383-AA341A9D3750}.GciRelease|Mixed Platforms.ActiveCfg = Release|Any CPU
		{2D7FFE82-2DBB-4BD7-9383-AA341A9D3750}.GciRelease|Mixed Platforms.Build.0 = Release|Any CPU
		{2D7FFE82-2DBB-4BD7-9383-AA341A9D3750}.GciRelease|x86.ActiveCfg = Release|Any CPU
		{2D7FFE82-2DBB-4BD7-9383-AA341A9D3750}.GtirDebug|Any CPU.ActiveCfg = Debug|Any CPU
		{2D7FFE82-2DBB-4BD7-9383-AA341A9D3750}.GtirDebug|Any CPU.Build.0 = Debug|Any CPU
		{2D7FFE82-2DBB-4BD7-9383-AA341A9D3750}.GtirDebug|Mixed Platforms.ActiveCfg = Debug|Any CPU
		{2D7FFE82-2DBB-4BD7-9383-AA341A9D3750}.GtirDebug|Mixed Platforms.Build.0 = Debug|Any CPU
		{2D7FFE82-2DBB-4BD7-9383-AA341A9D3750}.GtirDebug|x86.ActiveCfg = Debug|Any CPU
		{2D7FFE82-2DBB-4BD7-9383-AA341A9D3750}.GtirRelease|Any CPU.ActiveCfg = Release|Any CPU
		{2D7FFE82-2DBB-4BD7-9383-AA341A9D3750}.GtirRelease|Any CPU.Build.0 = Release|Any CPU
		{2D7FFE82-2DBB-4BD7-9383-AA341A9D3750}.GtirRelease|Mixed Platforms.ActiveCfg = Release|Any CPU
		{2D7FFE82-2DBB-4BD7-9383-AA341A9D3750}.GtirRelease|Mixed Platforms.Build.0 = Release|Any CPU
		{2D7FFE82-2DBB-4BD7-9383-AA341A9D3750}.GtirRelease|x86.ActiveCfg = Release|Any CPU
		{2D7FFE82-2DBB-4BD7-9383-AA341A9D3750}.Release|Any CPU.ActiveCfg = Release|Any CPU
		{2D7FFE82-2DBB-4BD7-9383-AA341A9D3750}.Release|Any CPU.Build.0 = Release|Any CPU
		{2D7FFE82-2DBB-4BD7-9383-AA341A9D3750}.Release|Mixed Platforms.ActiveCfg = Release|Any CPU
		{2D7FFE82-2DBB-4BD7-9383-AA341A9D3750}.Release|Mixed Platforms.Build.0 = Release|Any CPU
		{2D7FFE82-2DBB-4BD7-9383-AA341A9D3750}.Release|x86.ActiveCfg = Release|Any CPU
		{2D7FFE82-2DBB-4BD7-9383-AA341A9D3750}.Release|x86.Build.0 = Release|Any CPU
		{2D7FFE82-2DBB-4BD7-9383-AA341A9D3750}.Release64|Any CPU.ActiveCfg = Release|Any CPU
		{2D7FFE82-2DBB-4BD7-9383-AA341A9D3750}.Release64|Any CPU.Build.0 = Release|Any CPU
		{2D7FFE82-2DBB-4BD7-9383-AA341A9D3750}.Release64|Mixed Platforms.ActiveCfg = Release|Any CPU
		{2D7FFE82-2DBB-4BD7-9383-AA341A9D3750}.Release64|Mixed Platforms.Build.0 = Release|Any CPU
		{2D7FFE82-2DBB-4BD7-9383-AA341A9D3750}.Release64|x86.ActiveCfg = Release|Any CPU
		{2D7FFE82-2DBB-4BD7-9383-AA341A9D3750}.ReleaseCea64|Any CPU.ActiveCfg = Release|Any CPU
		{2D7FFE82-2DBB-4BD7-9383-AA341A9D3750}.ReleaseCea64|Any CPU.Build.0 = Release|Any CPU
		{2D7FFE82-2DBB-4BD7-9383-AA341A9D3750}.ReleaseCea64|Mixed Platforms.ActiveCfg = Release|Any CPU
		{2D7FFE82-2DBB-4BD7-9383-AA341A9D3750}.ReleaseCea64|Mixed Platforms.Build.0 = Release|Any CPU
		{2D7FFE82-2DBB-4BD7-9383-AA341A9D3750}.ReleaseCea64|x86.ActiveCfg = Release|Any CPU
		{6DB457F0-C6B4-4268-8304-4F5B586E50FF}.Debug|Any CPU.ActiveCfg = Debug|Any CPU
		{6DB457F0-C6B4-4268-8304-4F5B586E50FF}.Debug|Any CPU.Build.0 = Debug|Any CPU
		{6DB457F0-C6B4-4268-8304-4F5B586E50FF}.Debug|Mixed Platforms.ActiveCfg = Debug|Any CPU
		{6DB457F0-C6B4-4268-8304-4F5B586E50FF}.Debug|Mixed Platforms.Build.0 = Debug|Any CPU
		{6DB457F0-C6B4-4268-8304-4F5B586E50FF}.Debug|x86.ActiveCfg = Debug|Any CPU
		{6DB457F0-C6B4-4268-8304-4F5B586E50FF}.GciDebug|Any CPU.ActiveCfg = GciDebug|Any CPU
		{6DB457F0-C6B4-4268-8304-4F5B586E50FF}.GciDebug|Any CPU.Build.0 = GciDebug|Any CPU
		{6DB457F0-C6B4-4268-8304-4F5B586E50FF}.GciDebug|Mixed Platforms.ActiveCfg = GciDebug|Any CPU
		{6DB457F0-C6B4-4268-8304-4F5B586E50FF}.GciDebug|Mixed Platforms.Build.0 = GciDebug|Any CPU
		{6DB457F0-C6B4-4268-8304-4F5B586E50FF}.GciDebug|x86.ActiveCfg = GciDebug|Any CPU
		{6DB457F0-C6B4-4268-8304-4F5B586E50FF}.GciRelease|Any CPU.ActiveCfg = GciRelease|Any CPU
		{6DB457F0-C6B4-4268-8304-4F5B586E50FF}.GciRelease|Any CPU.Build.0 = GciRelease|Any CPU
		{6DB457F0-C6B4-4268-8304-4F5B586E50FF}.GciRelease|Mixed Platforms.ActiveCfg = GciRelease|Any CPU
		{6DB457F0-C6B4-4268-8304-4F5B586E50FF}.GciRelease|Mixed Platforms.Build.0 = GciRelease|Any CPU
		{6DB457F0-C6B4-4268-8304-4F5B586E50FF}.GciRelease|x86.ActiveCfg = GciRelease|Any CPU
		{6DB457F0-C6B4-4268-8304-4F5B586E50FF}.GtirDebug|Any CPU.ActiveCfg = GtirDebug|Any CPU
		{6DB457F0-C6B4-4268-8304-4F5B586E50FF}.GtirDebug|Any CPU.Build.0 = GtirDebug|Any CPU
		{6DB457F0-C6B4-4268-8304-4F5B586E50FF}.GtirDebug|Mixed Platforms.ActiveCfg = GtirDebug|Any CPU
		{6DB457F0-C6B4-4268-8304-4F5B586E50FF}.GtirDebug|Mixed Platforms.Build.0 = GtirDebug|Any CPU
		{6DB457F0-C6B4-4268-8304-4F5B586E50FF}.GtirDebug|x86.ActiveCfg = GtirDebug|Any CPU
		{6DB457F0-C6B4-4268-8304-4F5B586E50FF}.GtirRelease|Any CPU.ActiveCfg = GtirRelease|Any CPU
		{6DB457F0-C6B4-4268-8304-4F5B586E50FF}.GtirRelease|Any CPU.Build.0 = GtirRelease|Any CPU
		{6DB457F0-C6B4-4268-8304-4F5B586E50FF}.GtirRelease|Mixed Platforms.ActiveCfg = GtirRelease|Any CPU
		{6DB457F0-C6B4-4268-8304-4F5B586E50FF}.GtirRelease|Mixed Platforms.Build.0 = GtirRelease|Any CPU
		{6DB457F0-C6B4-4268-8304-4F5B586E50FF}.GtirRelease|x86.ActiveCfg = GtirRelease|Any CPU
		{6DB457F0-C6B4-4268-8304-4F5B586E50FF}.Release|Any CPU.ActiveCfg = Release|Any CPU
		{6DB457F0-C6B4-4268-8304-4F5B586E50FF}.Release|Any CPU.Build.0 = Release|Any CPU
		{6DB457F0-C6B4-4268-8304-4F5B586E50FF}.Release|Mixed Platforms.ActiveCfg = Release|Any CPU
		{6DB457F0-C6B4-4268-8304-4F5B586E50FF}.Release|Mixed Platforms.Build.0 = Release|Any CPU
		{6DB457F0-C6B4-4268-8304-4F5B586E50FF}.Release|x86.ActiveCfg = Release|Any CPU
		{6DB457F0-C6B4-4268-8304-4F5B586E50FF}.Release64|Any CPU.ActiveCfg = Release64|Any CPU
		{6DB457F0-C6B4-4268-8304-4F5B586E50FF}.Release64|Any CPU.Build.0 = Release64|Any CPU
		{6DB457F0-C6B4-4268-8304-4F5B586E50FF}.Release64|Mixed Platforms.ActiveCfg = Release64|Any CPU
		{6DB457F0-C6B4-4268-8304-4F5B586E50FF}.Release64|Mixed Platforms.Build.0 = Release64|Any CPU
		{6DB457F0-C6B4-4268-8304-4F5B586E50FF}.Release64|x86.ActiveCfg = Release64|Any CPU
		{6DB457F0-C6B4-4268-8304-4F5B586E50FF}.ReleaseCea64|Any CPU.ActiveCfg = ReleaseCea64|Any CPU
		{6DB457F0-C6B4-4268-8304-4F5B586E50FF}.ReleaseCea64|Any CPU.Build.0 = ReleaseCea64|Any CPU
		{6DB457F0-C6B4-4268-8304-4F5B586E50FF}.ReleaseCea64|Mixed Platforms.ActiveCfg = ReleaseCea64|Any CPU
		{6DB457F0-C6B4-4268-8304-4F5B586E50FF}.ReleaseCea64|Mixed Platforms.Build.0 = ReleaseCea64|Any CPU
		{6DB457F0-C6B4-4268-8304-4F5B586E50FF}.ReleaseCea64|x86.ActiveCfg = ReleaseCea64|Any CPU
		{B0AF0C4F-9D2A-4A9A-A35D-4EAA1AF22E54}.Debug|Any CPU.ActiveCfg = Debug|Any CPU
		{B0AF0C4F-9D2A-4A9A-A35D-4EAA1AF22E54}.Debug|Any CPU.Build.0 = Debug|Any CPU
		{B0AF0C4F-9D2A-4A9A-A35D-4EAA1AF22E54}.Debug|Mixed Platforms.ActiveCfg = Debug|Any CPU
		{B0AF0C4F-9D2A-4A9A-A35D-4EAA1AF22E54}.Debug|Mixed Platforms.Build.0 = Debug|Any CPU
		{B0AF0C4F-9D2A-4A9A-A35D-4EAA1AF22E54}.Debug|x86.ActiveCfg = Debug|Any CPU
		{B0AF0C4F-9D2A-4A9A-A35D-4EAA1AF22E54}.GciDebug|Any CPU.ActiveCfg = Debug|Any CPU
		{B0AF0C4F-9D2A-4A9A-A35D-4EAA1AF22E54}.GciDebug|Any CPU.Build.0 = Debug|Any CPU
		{B0AF0C4F-9D2A-4A9A-A35D-4EAA1AF22E54}.GciDebug|Mixed Platforms.ActiveCfg = Debug|Any CPU
		{B0AF0C4F-9D2A-4A9A-A35D-4EAA1AF22E54}.GciDebug|Mixed Platforms.Build.0 = Debug|Any CPU
		{B0AF0C4F-9D2A-4A9A-A35D-4EAA1AF22E54}.GciDebug|x86.ActiveCfg = Debug|Any CPU
		{B0AF0C4F-9D2A-4A9A-A35D-4EAA1AF22E54}.GciRelease|Any CPU.ActiveCfg = Release|Any CPU
		{B0AF0C4F-9D2A-4A9A-A35D-4EAA1AF22E54}.GciRelease|Any CPU.Build.0 = Release|Any CPU
		{B0AF0C4F-9D2A-4A9A-A35D-4EAA1AF22E54}.GciRelease|Mixed Platforms.ActiveCfg = Release|Any CPU
		{B0AF0C4F-9D2A-4A9A-A35D-4EAA1AF22E54}.GciRelease|Mixed Platforms.Build.0 = Release|Any CPU
		{B0AF0C4F-9D2A-4A9A-A35D-4EAA1AF22E54}.GciRelease|x86.ActiveCfg = Release|Any CPU
		{B0AF0C4F-9D2A-4A9A-A35D-4EAA1AF22E54}.GtirDebug|Any CPU.ActiveCfg = Debug|Any CPU
		{B0AF0C4F-9D2A-4A9A-A35D-4EAA1AF22E54}.GtirDebug|Any CPU.Build.0 = Debug|Any CPU
		{B0AF0C4F-9D2A-4A9A-A35D-4EAA1AF22E54}.GtirDebug|Mixed Platforms.ActiveCfg = Debug|Any CPU
		{B0AF0C4F-9D2A-4A9A-A35D-4EAA1AF22E54}.GtirDebug|Mixed Platforms.Build.0 = Debug|Any CPU
		{B0AF0C4F-9D2A-4A9A-A35D-4EAA1AF22E54}.GtirDebug|x86.ActiveCfg = Debug|Any CPU
		{B0AF0C4F-9D2A-4A9A-A35D-4EAA1AF22E54}.GtirRelease|Any CPU.ActiveCfg = Release|Any CPU
		{B0AF0C4F-9D2A-4A9A-A35D-4EAA1AF22E54}.GtirRelease|Any CPU.Build.0 = Release|Any CPU
		{B0AF0C4F-9D2A-4A9A-A35D-4EAA1AF22E54}.GtirRelease|Mixed Platforms.ActiveCfg = Release|Any CPU
		{B0AF0C4F-9D2A-4A9A-A35D-4EAA1AF22E54}.GtirRelease|Mixed Platforms.Build.0 = Release|Any CPU
		{B0AF0C4F-9D2A-4A9A-A35D-4EAA1AF22E54}.GtirRelease|x86.ActiveCfg = Release|Any CPU
		{B0AF0C4F-9D2A-4A9A-A35D-4EAA1AF22E54}.Release|Any CPU.ActiveCfg = Release|Any CPU
		{B0AF0C4F-9D2A-4A9A-A35D-4EAA1AF22E54}.Release|Any CPU.Build.0 = Release|Any CPU
		{B0AF0C4F-9D2A-4A9A-A35D-4EAA1AF22E54}.Release|Mixed Platforms.ActiveCfg = Release|Any CPU
		{B0AF0C4F-9D2A-4A9A-A35D-4EAA1AF22E54}.Release|Mixed Platforms.Build.0 = Release|Any CPU
		{B0AF0C4F-9D2A-4A9A-A35D-4EAA1AF22E54}.Release|x86.ActiveCfg = Release|Any CPU
		{B0AF0C4F-9D2A-4A9A-A35D-4EAA1AF22E54}.Release64|Any CPU.ActiveCfg = Release|Any CPU
		{B0AF0C4F-9D2A-4A9A-A35D-4EAA1AF22E54}.Release64|Any CPU.Build.0 = Release|Any CPU
		{B0AF0C4F-9D2A-4A9A-A35D-4EAA1AF22E54}.Release64|Mixed Platforms.ActiveCfg = Release|Any CPU
		{B0AF0C4F-9D2A-4A9A-A35D-4EAA1AF22E54}.Release64|Mixed Platforms.Build.0 = Release|Any CPU
		{B0AF0C4F-9D2A-4A9A-A35D-4EAA1AF22E54}.Release64|x86.ActiveCfg = Release|Any CPU
		{B0AF0C4F-9D2A-4A9A-A35D-4EAA1AF22E54}.ReleaseCea64|Any CPU.ActiveCfg = Release|Any CPU
		{B0AF0C4F-9D2A-4A9A-A35D-4EAA1AF22E54}.ReleaseCea64|Any CPU.Build.0 = Release|Any CPU
		{B0AF0C4F-9D2A-4A9A-A35D-4EAA1AF22E54}.ReleaseCea64|Mixed Platforms.ActiveCfg = Release|Any CPU
		{B0AF0C4F-9D2A-4A9A-A35D-4EAA1AF22E54}.ReleaseCea64|Mixed Platforms.Build.0 = Release|Any CPU
		{B0AF0C4F-9D2A-4A9A-A35D-4EAA1AF22E54}.ReleaseCea64|x86.ActiveCfg = Release|Any CPU
		{DF6C92EF-262C-4AE3-A3F3-C0B91DC0653D}.Debug|Any CPU.ActiveCfg = Debug|Any CPU
		{DF6C92EF-262C-4AE3-A3F3-C0B91DC0653D}.Debug|Any CPU.Build.0 = Debug|Any CPU
		{DF6C92EF-262C-4AE3-A3F3-C0B91DC0653D}.Debug|Mixed Platforms.ActiveCfg = Debug|Any CPU
		{DF6C92EF-262C-4AE3-A3F3-C0B91DC0653D}.Debug|Mixed Platforms.Build.0 = Debug|Any CPU
		{DF6C92EF-262C-4AE3-A3F3-C0B91DC0653D}.Debug|x86.ActiveCfg = Debug|Any CPU
		{DF6C92EF-262C-4AE3-A3F3-C0B91DC0653D}.GciDebug|Any CPU.ActiveCfg = Debug|Any CPU
		{DF6C92EF-262C-4AE3-A3F3-C0B91DC0653D}.GciDebug|Any CPU.Build.0 = Debug|Any CPU
		{DF6C92EF-262C-4AE3-A3F3-C0B91DC0653D}.GciDebug|Mixed Platforms.ActiveCfg = Debug|Any CPU
		{DF6C92EF-262C-4AE3-A3F3-C0B91DC0653D}.GciDebug|Mixed Platforms.Build.0 = Debug|Any CPU
		{DF6C92EF-262C-4AE3-A3F3-C0B91DC0653D}.GciDebug|x86.ActiveCfg = Debug|Any CPU
		{DF6C92EF-262C-4AE3-A3F3-C0B91DC0653D}.GciRelease|Any CPU.ActiveCfg = Release|Any CPU
		{DF6C92EF-262C-4AE3-A3F3-C0B91DC0653D}.GciRelease|Any CPU.Build.0 = Release|Any CPU
		{DF6C92EF-262C-4AE3-A3F3-C0B91DC0653D}.GciRelease|Mixed Platforms.ActiveCfg = Release|Any CPU
		{DF6C92EF-262C-4AE3-A3F3-C0B91DC0653D}.GciRelease|Mixed Platforms.Build.0 = Release|Any CPU
		{DF6C92EF-262C-4AE3-A3F3-C0B91DC0653D}.GciRelease|x86.ActiveCfg = Release|Any CPU
		{DF6C92EF-262C-4AE3-A3F3-C0B91DC0653D}.GtirDebug|Any CPU.ActiveCfg = Debug|Any CPU
		{DF6C92EF-262C-4AE3-A3F3-C0B91DC0653D}.GtirDebug|Any CPU.Build.0 = Debug|Any CPU
		{DF6C92EF-262C-4AE3-A3F3-C0B91DC0653D}.GtirDebug|Mixed Platforms.ActiveCfg = Debug|Any CPU
		{DF6C92EF-262C-4AE3-A3F3-C0B91DC0653D}.GtirDebug|Mixed Platforms.Build.0 = Debug|Any CPU
		{DF6C92EF-262C-4AE3-A3F3-C0B91DC0653D}.GtirDebug|x86.ActiveCfg = Debug|Any CPU
		{DF6C92EF-262C-4AE3-A3F3-C0B91DC0653D}.GtirRelease|Any CPU.ActiveCfg = Release|Any CPU
		{DF6C92EF-262C-4AE3-A3F3-C0B91DC0653D}.GtirRelease|Any CPU.Build.0 = Release|Any CPU
		{DF6C92EF-262C-4AE3-A3F3-C0B91DC0653D}.GtirRelease|Mixed Platforms.ActiveCfg = Release|Any CPU
		{DF6C92EF-262C-4AE3-A3F3-C0B91DC0653D}.GtirRelease|Mixed Platforms.Build.0 = Release|Any CPU
		{DF6C92EF-262C-4AE3-A3F3-C0B91DC0653D}.GtirRelease|x86.ActiveCfg = Release|Any CPU
		{DF6C92EF-262C-4AE3-A3F3-C0B91DC0653D}.Release|Any CPU.ActiveCfg = Release|Any CPU
		{DF6C92EF-262C-4AE3-A3F3-C0B91DC0653D}.Release|Any CPU.Build.0 = Release|Any CPU
		{DF6C92EF-262C-4AE3-A3F3-C0B91DC0653D}.Release|Mixed Platforms.ActiveCfg = Release|Any CPU
		{DF6C92EF-262C-4AE3-A3F3-C0B91DC0653D}.Release|Mixed Platforms.Build.0 = Release|Any CPU
		{DF6C92EF-262C-4AE3-A3F3-C0B91DC0653D}.Release|x86.ActiveCfg = Release|Any CPU
		{DF6C92EF-262C-4AE3-A3F3-C0B91DC0653D}.Release64|Any CPU.ActiveCfg = Release|Any CPU
		{DF6C92EF-262C-4AE3-A3F3-C0B91DC0653D}.Release64|Any CPU.Build.0 = Release|Any CPU
		{DF6C92EF-262C-4AE3-A3F3-C0B91DC0653D}.Release64|Mixed Platforms.ActiveCfg = Release|Any CPU
		{DF6C92EF-262C-4AE3-A3F3-C0B91DC0653D}.Release64|Mixed Platforms.Build.0 = Release|Any CPU
		{DF6C92EF-262C-4AE3-A3F3-C0B91DC0653D}.Release64|x86.ActiveCfg = Release|Any CPU
		{DF6C92EF-262C-4AE3-A3F3-C0B91DC0653D}.ReleaseCea64|Any CPU.ActiveCfg = Release|Any CPU
		{DF6C92EF-262C-4AE3-A3F3-C0B91DC0653D}.ReleaseCea64|Any CPU.Build.0 = Release|Any CPU
		{DF6C92EF-262C-4AE3-A3F3-C0B91DC0653D}.ReleaseCea64|Mixed Platforms.ActiveCfg = Release|Any CPU
		{DF6C92EF-262C-4AE3-A3F3-C0B91DC0653D}.ReleaseCea64|Mixed Platforms.Build.0 = Release|Any CPU
		{DF6C92EF-262C-4AE3-A3F3-C0B91DC0653D}.ReleaseCea64|x86.ActiveCfg = Release|Any CPU
		{CA0B7A0F-B64C-4CA2-A23B-4A6BA53C35C7}.Debug|Any CPU.ActiveCfg = Debug|Any CPU
		{CA0B7A0F-B64C-4CA2-A23B-4A6BA53C35C7}.Debug|Any CPU.Build.0 = Debug|Any CPU
		{CA0B7A0F-B64C-4CA2-A23B-4A6BA53C35C7}.Debug|Mixed Platforms.ActiveCfg = Debug|Any CPU
		{CA0B7A0F-B64C-4CA2-A23B-4A6BA53C35C7}.Debug|Mixed Platforms.Build.0 = Debug|Any CPU
		{CA0B7A0F-B64C-4CA2-A23B-4A6BA53C35C7}.Debug|x86.ActiveCfg = Debug|Any CPU
		{CA0B7A0F-B64C-4CA2-A23B-4A6BA53C35C7}.GciDebug|Any CPU.ActiveCfg = Debug|Any CPU
		{CA0B7A0F-B64C-4CA2-A23B-4A6BA53C35C7}.GciDebug|Any CPU.Build.0 = Debug|Any CPU
		{CA0B7A0F-B64C-4CA2-A23B-4A6BA53C35C7}.GciDebug|Mixed Platforms.ActiveCfg = Debug|Any CPU
		{CA0B7A0F-B64C-4CA2-A23B-4A6BA53C35C7}.GciDebug|Mixed Platforms.Build.0 = Debug|Any CPU
		{CA0B7A0F-B64C-4CA2-A23B-4A6BA53C35C7}.GciDebug|x86.ActiveCfg = Debug|Any CPU
		{CA0B7A0F-B64C-4CA2-A23B-4A6BA53C35C7}.GciRelease|Any CPU.ActiveCfg = Release|Any CPU
		{CA0B7A0F-B64C-4CA2-A23B-4A6BA53C35C7}.GciRelease|Any CPU.Build.0 = Release|Any CPU
		{CA0B7A0F-B64C-4CA2-A23B-4A6BA53C35C7}.GciRelease|Mixed Platforms.ActiveCfg = Release|Any CPU
		{CA0B7A0F-B64C-4CA2-A23B-4A6BA53C35C7}.GciRelease|Mixed Platforms.Build.0 = Release|Any CPU
		{CA0B7A0F-B64C-4CA2-A23B-4A6BA53C35C7}.GciRelease|x86.ActiveCfg = Release|Any CPU
		{CA0B7A0F-B64C-4CA2-A23B-4A6BA53C35C7}.GtirDebug|Any CPU.ActiveCfg = Debug|Any CPU
		{CA0B7A0F-B64C-4CA2-A23B-4A6BA53C35C7}.GtirDebug|Any CPU.Build.0 = Debug|Any CPU
		{CA0B7A0F-B64C-4CA2-A23B-4A6BA53C35C7}.GtirDebug|Mixed Platforms.ActiveCfg = Debug|Any CPU
		{CA0B7A0F-B64C-4CA2-A23B-4A6BA53C35C7}.GtirDebug|Mixed Platforms.Build.0 = Debug|Any CPU
		{CA0B7A0F-B64C-4CA2-A23B-4A6BA53C35C7}.GtirDebug|x86.ActiveCfg = Debug|Any CPU
		{CA0B7A0F-B64C-4CA2-A23B-4A6BA53C35C7}.GtirRelease|Any CPU.ActiveCfg = Release|Any CPU
		{CA0B7A0F-B64C-4CA2-A23B-4A6BA53C35C7}.GtirRelease|Any CPU.Build.0 = Release|Any CPU
		{CA0B7A0F-B64C-4CA2-A23B-4A6BA53C35C7}.GtirRelease|Mixed Platforms.ActiveCfg = Release|Any CPU
		{CA0B7A0F-B64C-4CA2-A23B-4A6BA53C35C7}.GtirRelease|Mixed Platforms.Build.0 = Release|Any CPU
		{CA0B7A0F-B64C-4CA2-A23B-4A6BA53C35C7}.GtirRelease|x86.ActiveCfg = Release|Any CPU
		{CA0B7A0F-B64C-4CA2-A23B-4A6BA53C35C7}.Release|Any CPU.ActiveCfg = Release|Any CPU
		{CA0B7A0F-B64C-4CA2-A23B-4A6BA53C35C7}.Release|Any CPU.Build.0 = Release|Any CPU
		{CA0B7A0F-B64C-4CA2-A23B-4A6BA53C35C7}.Release|Mixed Platforms.ActiveCfg = Release|Any CPU
		{CA0B7A0F-B64C-4CA2-A23B-4A6BA53C35C7}.Release|Mixed Platforms.Build.0 = Release|Any CPU
		{CA0B7A0F-B64C-4CA2-A23B-4A6BA53C35C7}.Release|x86.ActiveCfg = Release|Any CPU
		{CA0B7A0F-B64C-4CA2-A23B-4A6BA53C35C7}.Release64|Any CPU.ActiveCfg = Release|Any CPU
		{CA0B7A0F-B64C-4CA2-A23B-4A6BA53C35C7}.Release64|Any CPU.Build.0 = Release|Any CPU
		{CA0B7A0F-B64C-4CA2-A23B-4A6BA53C35C7}.Release64|Mixed Platforms.ActiveCfg = Release|Any CPU
		{CA0B7A0F-B64C-4CA2-A23B-4A6BA53C35C7}.Release64|Mixed Platforms.Build.0 = Release|Any CPU
		{CA0B7A0F-B64C-4CA2-A23B-4A6BA53C35C7}.Release64|x86.ActiveCfg = Release|Any CPU
		{CA0B7A0F-B64C-4CA2-A23B-4A6BA53C35C7}.ReleaseCea64|Any CPU.ActiveCfg = Release|Any CPU
		{CA0B7A0F-B64C-4CA2-A23B-4A6BA53C35C7}.ReleaseCea64|Any CPU.Build.0 = Release|Any CPU
		{CA0B7A0F-B64C-4CA2-A23B-4A6BA53C35C7}.ReleaseCea64|Mixed Platforms.ActiveCfg = Release|Any CPU
		{CA0B7A0F-B64C-4CA2-A23B-4A6BA53C35C7}.ReleaseCea64|Mixed Platforms.Build.0 = Release|Any CPU
		{CA0B7A0F-B64C-4CA2-A23B-4A6BA53C35C7}.ReleaseCea64|x86.ActiveCfg = Release|Any CPU
	EndGlobalSection
	GlobalSection(SolutionProperties) = preSolution
		HideSolutionNode = FALSE
	EndGlobalSection
	GlobalSection(NestedProjects) = preSolution
		{9DCA1678-8B1C-49AD-B279-0010C0A5F9F9} = {7A2EE3B3-0BE7-4716-87E1-7396AEB872E9}
		{6DB457F0-C6B4-4268-8304-4F5B586E50FF} = {7A2EE3B3-0BE7-4716-87E1-7396AEB872E9}
		{2358426A-324B-46C8-9BC4-0E0C7D1816BA} = {B198567C-D2AB-4386-9CA6-43116A563414}
		{DF6C92EF-262C-4AE3-A3F3-C0B91DC0653D} = {B198567C-D2AB-4386-9CA6-43116A563414}
		{A1C4CF3D-AF46-4BFC-8EDB-62BBB8B4EB74} = {D68D1F77-0149-4189-B977-92E26809B054}
		{59166202-E0E4-44C7-9DDE-FB1B1C72F420} = {D68D1F77-0149-4189-B977-92E26809B054}
		{B0AF0C4F-9D2A-4A9A-A35D-4EAA1AF22E54} = {D68D1F77-0149-4189-B977-92E26809B054}
		{CA0B7A0F-B64C-4CA2-A23B-4A6BA53C35C7} = {D68D1F77-0149-4189-B977-92E26809B054}
		{751705E8-B966-4B0D-ABA0-E7BB1343E5B6} = {2358426A-324B-46C8-9BC4-0E0C7D1816BA}
		{98DE7384-196E-4F0A-93AD-8F12CE4FC5E2} = {2358426A-324B-46C8-9BC4-0E0C7D1816BA}
		{CC03621A-3D9F-47EC-8102-9C035F538923} = {2358426A-324B-46C8-9BC4-0E0C7D1816BA}
		{9B7CDCAE-7066-450A-B7C7-76C9498A3086} = {2358426A-324B-46C8-9BC4-0E0C7D1816BA}
		{DB3E59BE-8440-4142-A64D-C4D1477F12CE} = {751705E8-B966-4B0D-ABA0-E7BB1343E5B6}
		{BC46E8E9-DF0D-4CC7-BC14-10C62DDAA869} = {751705E8-B966-4B0D-ABA0-E7BB1343E5B6}
		{2D7FFE82-2DBB-4BD7-9383-AA341A9D3750} = {9B7CDCAE-7066-450A-B7C7-76C9498A3086}
	EndGlobalSection
EndGlobal
